// !$*UTF8*$!
{
	archiveVersion = 1;
	classes = {
	};
	objectVersion = 46;
	objects = {

/* Begin PBXBuildFile section */
		BC28EE3C1D9565CC004A6388 /* 返回.png in Resources */ = {isa = PBXBuildFile; fileRef = BC28EE3B1D9565CC004A6388 /* 返回.png */; };
		BC2C45801D92569B004CA0D6 /* FirstViewController.swift in Sources */ = {isa = PBXBuildFile; fileRef = BC2C457F1D92569B004CA0D6 /* FirstViewController.swift */; };
		BC2C45821D928385004CA0D6 /* SecondViewController.swift in Sources */ = {isa = PBXBuildFile; fileRef = BC2C45811D928385004CA0D6 /* SecondViewController.swift */; };
		BC2C45841D92838F004CA0D6 /* ThirdViewController.swift in Sources */ = {isa = PBXBuildFile; fileRef = BC2C45831D92838F004CA0D6 /* ThirdViewController.swift */; };
		BC2C458A1D928B5A004CA0D6 /* HDManager.m in Sources */ = {isa = PBXBuildFile; fileRef = BC2C45871D928B5A004CA0D6 /* HDManager.m */; };
		BC2C458B1D928B5A004CA0D6 /* MBProgressHUD.m in Sources */ = {isa = PBXBuildFile; fileRef = BC2C45891D928B5A004CA0D6 /* MBProgressHUD.m */; };
		BC2C45B91D92AFD8004CA0D6 /* MJRefreshAutoFooter.m in Sources */ = {isa = PBXBuildFile; fileRef = BC2C458F1D92AFD8004CA0D6 /* MJRefreshAutoFooter.m */; };
		BC2C45BA1D92AFD8004CA0D6 /* MJRefreshBackFooter.m in Sources */ = {isa = PBXBuildFile; fileRef = BC2C45911D92AFD8004CA0D6 /* MJRefreshBackFooter.m */; };
		BC2C45BB1D92AFD8004CA0D6 /* MJRefreshComponent.m in Sources */ = {isa = PBXBuildFile; fileRef = BC2C45931D92AFD8004CA0D6 /* MJRefreshComponent.m */; };
		BC2C45BC1D92AFD8004CA0D6 /* MJRefreshFooter.m in Sources */ = {isa = PBXBuildFile; fileRef = BC2C45951D92AFD8004CA0D6 /* MJRefreshFooter.m */; };
		BC2C45BD1D92AFD8004CA0D6 /* MJRefreshHeader.m in Sources */ = {isa = PBXBuildFile; fileRef = BC2C45971D92AFD8004CA0D6 /* MJRefreshHeader.m */; };
		BC2C45BE1D92AFD8004CA0D6 /* MJRefreshAutoGifFooter.m in Sources */ = {isa = PBXBuildFile; fileRef = BC2C459C1D92AFD8004CA0D6 /* MJRefreshAutoGifFooter.m */; };
		BC2C45BF1D92AFD8004CA0D6 /* MJRefreshAutoNormalFooter.m in Sources */ = {isa = PBXBuildFile; fileRef = BC2C459E1D92AFD8004CA0D6 /* MJRefreshAutoNormalFooter.m */; };
		BC2C45C01D92AFD8004CA0D6 /* MJRefreshAutoStateFooter.m in Sources */ = {isa = PBXBuildFile; fileRef = BC2C45A01D92AFD8004CA0D6 /* MJRefreshAutoStateFooter.m */; };
		BC2C45C11D92AFD8004CA0D6 /* MJRefreshBackGifFooter.m in Sources */ = {isa = PBXBuildFile; fileRef = BC2C45A31D92AFD8004CA0D6 /* MJRefreshBackGifFooter.m */; };
		BC2C45C21D92AFD8004CA0D6 /* MJRefreshBackNormalFooter.m in Sources */ = {isa = PBXBuildFile; fileRef = BC2C45A51D92AFD8004CA0D6 /* MJRefreshBackNormalFooter.m */; };
		BC2C45C31D92AFD8004CA0D6 /* MJRefreshBackStateFooter.m in Sources */ = {isa = PBXBuildFile; fileRef = BC2C45A71D92AFD8004CA0D6 /* MJRefreshBackStateFooter.m */; };
		BC2C45C41D92AFD8004CA0D6 /* MJRefreshGifHeader.m in Sources */ = {isa = PBXBuildFile; fileRef = BC2C45AA1D92AFD8004CA0D6 /* MJRefreshGifHeader.m */; };
		BC2C45C51D92AFD8004CA0D6 /* MJRefreshNormalHeader.m in Sources */ = {isa = PBXBuildFile; fileRef = BC2C45AC1D92AFD8004CA0D6 /* MJRefreshNormalHeader.m */; };
		BC2C45C61D92AFD8004CA0D6 /* MJRefreshStateHeader.m in Sources */ = {isa = PBXBuildFile; fileRef = BC2C45AE1D92AFD8004CA0D6 /* MJRefreshStateHeader.m */; };
		BC2C45C71D92AFD8004CA0D6 /* MJRefresh.bundle in Resources */ = {isa = PBXBuildFile; fileRef = BC2C45AF1D92AFD8004CA0D6 /* MJRefresh.bundle */; };
		BC2C45C81D92AFD8004CA0D6 /* MJRefreshConst.m in Sources */ = {isa = PBXBuildFile; fileRef = BC2C45B21D92AFD8004CA0D6 /* MJRefreshConst.m */; };
		BC2C45C91D92AFD8004CA0D6 /* UIScrollView+MJExtension.m in Sources */ = {isa = PBXBuildFile; fileRef = BC2C45B41D92AFD8004CA0D6 /* UIScrollView+MJExtension.m */; };
		BC2C45CA1D92AFD8004CA0D6 /* UIScrollView+MJRefresh.m in Sources */ = {isa = PBXBuildFile; fileRef = BC2C45B61D92AFD8004CA0D6 /* UIScrollView+MJRefresh.m */; };
		BC2C45CB1D92AFD8004CA0D6 /* UIView+MJExtension.m in Sources */ = {isa = PBXBuildFile; fileRef = BC2C45B81D92AFD8004CA0D6 /* UIView+MJExtension.m */; };
		BC2C45D01D92B4F8004CA0D6 /* headCell.swift in Sources */ = {isa = PBXBuildFile; fileRef = BC2C45CE1D92B4F8004CA0D6 /* headCell.swift */; };
		BC2C45D11D92B4F8004CA0D6 /* headCell.xib in Resources */ = {isa = PBXBuildFile; fileRef = BC2C45CF1D92B4F8004CA0D6 /* headCell.xib */; };
		BC2C45D31D92B6B1004CA0D6 /* ClassifyModel.swift in Sources */ = {isa = PBXBuildFile; fileRef = BC2C45D21D92B6B1004CA0D6 /* ClassifyModel.swift */; };
		BC2C45D61D92C6D2004CA0D6 /* buttomCell.swift in Sources */ = {isa = PBXBuildFile; fileRef = BC2C45D41D92C6D2004CA0D6 /* buttomCell.swift */; };
		BC2C45D71D92C6D2004CA0D6 /* buttomCell.xib in Resources */ = {isa = PBXBuildFile; fileRef = BC2C45D51D92C6D2004CA0D6 /* buttomCell.xib */; };
		BC2CFEBF1D97603A005FA546 /* DetailsViewController.swift in Sources */ = {isa = PBXBuildFile; fileRef = BC2CFEBE1D97603A005FA546 /* DetailsViewController.swift */; };
		BC2CFEC11D976DED005FA546 /* MovieView.swift in Sources */ = {isa = PBXBuildFile; fileRef = BC2CFEC01D976DED005FA546 /* MovieView.swift */; };
		BC2CFEC31D977563005FA546 /* DetailsModel.swift in Sources */ = {isa = PBXBuildFile; fileRef = BC2CFEC21D977563005FA546 /* DetailsModel.swift */; };
		BC2EC2DA1D94AD740054C2C4 /* secondCell.swift in Sources */ = {isa = PBXBuildFile; fileRef = BC2EC2D81D94AD740054C2C4 /* secondCell.swift */; };
		BC2EC2DB1D94AD740054C2C4 /* secondCell.xib in Resources */ = {isa = PBXBuildFile; fileRef = BC2EC2D91D94AD740054C2C4 /* secondCell.xib */; };
		BC2EC2DD1D94B2540054C2C4 /* 评论.png in Resources */ = {isa = PBXBuildFile; fileRef = BC2EC2DC1D94B2540054C2C4 /* 评论.png */; };
		BC2EC2DF1D94B2A20054C2C4 /* 白心.png in Resources */ = {isa = PBXBuildFile; fileRef = BC2EC2DE1D94B2A20054C2C4 /* 白心.png */; };
		BC2EC3531D954FDF0054C2C4 /* CFourthViewController.swift in Sources */ = {isa = PBXBuildFile; fileRef = BC2EC3521D954FDF0054C2C4 /* CFourthViewController.swift */; };
		BC2EC3551D955FD70054C2C4 /* CFifthViewController.swift in Sources */ = {isa = PBXBuildFile; fileRef = BC2EC3541D955FD70054C2C4 /* CFifthViewController.swift */; };
		BC404DF11D98A3200095F2E3 /* 电影.png in Resources */ = {isa = PBXBuildFile; fileRef = BC404DF01D98A3200095F2E3 /* 电影.png */; };
		BC404DF41D98C5600095F2E3 /* actorCell.swift in Sources */ = {isa = PBXBuildFile; fileRef = BC404DF21D98C5600095F2E3 /* actorCell.swift */; };
		BC404DF51D98C5600095F2E3 /* actorCell.xib in Resources */ = {isa = PBXBuildFile; fileRef = BC404DF31D98C5600095F2E3 /* actorCell.xib */; };
		BC404DF81D98C6B70095F2E3 /* noticeCell.swift in Sources */ = {isa = PBXBuildFile; fileRef = BC404DF61D98C6B70095F2E3 /* noticeCell.swift */; };
		BC404DF91D98C6B70095F2E3 /* noticeCell.xib in Resources */ = {isa = PBXBuildFile; fileRef = BC404DF71D98C6B70095F2E3 /* noticeCell.xib */; };
		BC404DFC1D98C7380095F2E3 /* stillCell.swift in Sources */ = {isa = PBXBuildFile; fileRef = BC404DFA1D98C7380095F2E3 /* stillCell.swift */; };
		BC404DFD1D98C7380095F2E3 /* stillCell.xib in Resources */ = {isa = PBXBuildFile; fileRef = BC404DFB1D98C7380095F2E3 /* stillCell.xib */; };
		BC404E001D98DBCC0095F2E3 /* movieIntroduceCell.swift in Sources */ = {isa = PBXBuildFile; fileRef = BC404DFE1D98DBCC0095F2E3 /* movieIntroduceCell.swift */; };
		BC404E011D98DBCC0095F2E3 /* movieIntroduceCell.xib in Resources */ = {isa = PBXBuildFile; fileRef = BC404DFF1D98DBCC0095F2E3 /* movieIntroduceCell.xib */; };
		BC404E081D990E350095F2E3 /* commentCell.swift in Sources */ = {isa = PBXBuildFile; fileRef = BC404E061D990E350095F2E3 /* commentCell.swift */; };
		BC404E091D990E350095F2E3 /* commentCell.xib in Resources */ = {isa = PBXBuildFile; fileRef = BC404E071D990E350095F2E3 /* commentCell.xib */; };
		BC404E0B1D991A330095F2E3 /* 评论头像.png in Resources */ = {isa = PBXBuildFile; fileRef = BC404E0A1D991A330095F2E3 /* 评论头像.png */; };
		BC404E0E1D9921ED0095F2E3 /* MineViewController.swift in Sources */ = {isa = PBXBuildFile; fileRef = BC404E0C1D9921ED0095F2E3 /* MineViewController.swift */; };
		BC404E0F1D9921ED0095F2E3 /* MineViewController.xib in Resources */ = {isa = PBXBuildFile; fileRef = BC404E0D1D9921ED0095F2E3 /* MineViewController.xib */; };
		BC404E111D9929AF0095F2E3 /* 更多.png in Resources */ = {isa = PBXBuildFile; fileRef = BC404E101D9929AF0095F2E3 /* 更多.png */; };
		BC404E131D9929F40095F2E3 /* 灰色更多.png in Resources */ = {isa = PBXBuildFile; fileRef = BC404E121D9929F40095F2E3 /* 灰色更多.png */; };
		BC404E151D993AB30095F2E3 /* LoginsViewController.swift in Sources */ = {isa = PBXBuildFile; fileRef = BC404E141D993AB30095F2E3 /* LoginsViewController.swift */; };
		BC404E241D9942AE0095F2E3 /* DengluViewController.swift in Sources */ = {isa = PBXBuildFile; fileRef = BC404E221D9942AE0095F2E3 /* DengluViewController.swift */; };
		BC404E251D9942AE0095F2E3 /* DengluViewController.xib in Resources */ = {isa = PBXBuildFile; fileRef = BC404E231D9942AE0095F2E3 /* DengluViewController.xib */; };
		BC404E281D9942D40095F2E3 /* ZhuCeViewController.swift in Sources */ = {isa = PBXBuildFile; fileRef = BC404E261D9942D40095F2E3 /* ZhuCeViewController.swift */; };
		BC404E291D9942D40095F2E3 /* ZhuCeViewController.xib in Resources */ = {isa = PBXBuildFile; fileRef = BC404E271D9942D40095F2E3 /* ZhuCeViewController.xib */; };
		BCD595E21D9375EC000E77DF /* firstCell.swift in Sources */ = {isa = PBXBuildFile; fileRef = BCD595E01D9375EC000E77DF /* firstCell.swift */; };
		BCD595E31D9375EC000E77DF /* firstCell.xib in Resources */ = {isa = PBXBuildFile; fileRef = BCD595E11D9375EC000E77DF /* firstCell.xib */; };
		BCD595E51D937E8A000E77DF /* 心.png in Resources */ = {isa = PBXBuildFile; fileRef = BCD595E41D937E8A000E77DF /* 心.png */; };
		BCD595E71D93CABC000E77DF /* CSecondViewController.swift in Sources */ = {isa = PBXBuildFile; fileRef = BCD595E61D93CABC000E77DF /* CSecondViewController.swift */; };
		BCD595E91D941D6C000E77DF /* CThirdViewController.swift in Sources */ = {isa = PBXBuildFile; fileRef = BCD595E81D941D6C000E77DF /* CThirdViewController.swift */; };
		BCEBDED81D96043800B0BE7D /* newestCell.swift in Sources */ = {isa = PBXBuildFile; fileRef = BCEBDED61D96043800B0BE7D /* newestCell.swift */; };
		BCEBDED91D96043800B0BE7D /* newestCell.xib in Resources */ = {isa = PBXBuildFile; fileRef = BCEBDED71D96043800B0BE7D /* newestCell.xib */; };
		BCEBDEDB1D960D9000B0BE7D /* 评论灰色.png in Resources */ = {isa = PBXBuildFile; fileRef = BCEBDEDA1D960D9000B0BE7D /* 评论灰色.png */; };
		BCEBDEDD1D960FBC00B0BE7D /* DiscoverModel.swift in Sources */ = {isa = PBXBuildFile; fileRef = BCEBDEDC1D960FBC00B0BE7D /* DiscoverModel.swift */; };
		BCEDE4BF1D936EA5008C22C5 /* CFirstViewController.swift in Sources */ = {isa = PBXBuildFile; fileRef = BCEDE4BE1D936EA5008C22C5 /* CFirstViewController.swift */; };
		BCF91DAF1D911C5D000CD57D /* AppDelegate.swift in Sources */ = {isa = PBXBuildFile; fileRef = BCF91DAE1D911C5D000CD57D /* AppDelegate.swift */; };
		BCF91DB11D911C5D000CD57D /* ViewController.swift in Sources */ = {isa = PBXBuildFile; fileRef = BCF91DB01D911C5D000CD57D /* ViewController.swift */; };
		BCF91DB41D911C5D000CD57D /* Main.storyboard in Resources */ = {isa = PBXBuildFile; fileRef = BCF91DB21D911C5D000CD57D /* Main.storyboard */; };
		BCF91DB61D911C5D000CD57D /* Assets.xcassets in Resources */ = {isa = PBXBuildFile; fileRef = BCF91DB51D911C5D000CD57D /* Assets.xcassets */; };
		BCF91DB91D911C5D000CD57D /* LaunchScreen.storyboard in Resources */ = {isa = PBXBuildFile; fileRef = BCF91DB71D911C5D000CD57D /* LaunchScreen.storyboard */; };
		BCF91DC81D911E23000CD57D /* BaseViewController.swift in Sources */ = {isa = PBXBuildFile; fileRef = BCF91DC71D911E23000CD57D /* BaseViewController.swift */; };
		BCF91DCA1D911E43000CD57D /* MyTabBarViewController.swift in Sources */ = {isa = PBXBuildFile; fileRef = BCF91DC91D911E43000CD57D /* MyTabBarViewController.swift */; };
		BCF91DCC1D911E7E000CD57D /* RecommendViewController.swift in Sources */ = {isa = PBXBuildFile; fileRef = BCF91DCB1D911E7E000CD57D /* RecommendViewController.swift */; };
		BCF91DCE1D911E9B000CD57D /* ClassifyViewController.swift in Sources */ = {isa = PBXBuildFile; fileRef = BCF91DCD1D911E9B000CD57D /* ClassifyViewController.swift */; };
		BCF91DD01D911EB3000CD57D /* DiscoverViewController.swift in Sources */ = {isa = PBXBuildFile; fileRef = BCF91DCF1D911EB3000CD57D /* DiscoverViewController.swift */; };
		BCF91DE11D911F5D000CD57D /* 我的A.png in Resources */ = {isa = PBXBuildFile; fileRef = BCF91DD91D911F5D000CD57D /* 我的A.png */; };
		BCF91DE21D911F5D000CD57D /* 我的B.png in Resources */ = {isa = PBXBuildFile; fileRef = BCF91DDA1D911F5D000CD57D /* 我的B.png */; };
		BCF91DE31D911F5D000CD57D /* 推荐A.png in Resources */ = {isa = PBXBuildFile; fileRef = BCF91DDB1D911F5D000CD57D /* 推荐A.png */; };
		BCF91DE41D911F5D000CD57D /* 推荐B.png in Resources */ = {isa = PBXBuildFile; fileRef = BCF91DDC1D911F5D000CD57D /* 推荐B.png */; };
		BCF91DE71D9122E6000CD57D /* 分类B.png in Resources */ = {isa = PBXBuildFile; fileRef = BCF91DE51D9122E6000CD57D /* 分类B.png */; };
		BCF91DE81D9122E6000CD57D /* 分类A.png in Resources */ = {isa = PBXBuildFile; fileRef = BCF91DE61D9122E6000CD57D /* 分类A.png */; };
		BCF91DEB1D912349000CD57D /* 发现B.png in Resources */ = {isa = PBXBuildFile; fileRef = BCF91DE91D912349000CD57D /* 发现B.png */; };
		BCF91DEC1D912349000CD57D /* 发现A.png in Resources */ = {isa = PBXBuildFile; fileRef = BCF91DEA1D912349000CD57D /* 发现A.png */; };
		BCF91E501D912437000CD57D /* MKAnnotationView+WebCache.m in Sources */ = {isa = PBXBuildFile; fileRef = BCF91E301D912437000CD57D /* MKAnnotationView+WebCache.m */; };
		BCF91E511D912437000CD57D /* NSData+ImageContentType.m in Sources */ = {isa = PBXBuildFile; fileRef = BCF91E321D912437000CD57D /* NSData+ImageContentType.m */; };
		BCF91E521D912437000CD57D /* SDImageCache.m in Sources */ = {isa = PBXBuildFile; fileRef = BCF91E341D912437000CD57D /* SDImageCache.m */; };
		BCF91E531D912437000CD57D /* SDWebImageCompat.m in Sources */ = {isa = PBXBuildFile; fileRef = BCF91E361D912437000CD57D /* SDWebImageCompat.m */; };
		BCF91E541D912437000CD57D /* SDWebImageDecoder.m in Sources */ = {isa = PBXBuildFile; fileRef = BCF91E381D912437000CD57D /* SDWebImageDecoder.m */; };
		BCF91E551D912437000CD57D /* SDWebImageDownloader.m in Sources */ = {isa = PBXBuildFile; fileRef = BCF91E3A1D912437000CD57D /* SDWebImageDownloader.m */; };
		BCF91E561D912437000CD57D /* SDWebImageDownloaderOperation.m in Sources */ = {isa = PBXBuildFile; fileRef = BCF91E3C1D912437000CD57D /* SDWebImageDownloaderOperation.m */; };
		BCF91E571D912437000CD57D /* SDWebImageManager.m in Sources */ = {isa = PBXBuildFile; fileRef = BCF91E3E1D912437000CD57D /* SDWebImageManager.m */; };
		BCF91E581D912437000CD57D /* SDWebImagePrefetcher.m in Sources */ = {isa = PBXBuildFile; fileRef = BCF91E411D912437000CD57D /* SDWebImagePrefetcher.m */; };
		BCF91E591D912437000CD57D /* UIButton+WebCache.m in Sources */ = {isa = PBXBuildFile; fileRef = BCF91E431D912437000CD57D /* UIButton+WebCache.m */; };
		BCF91E5A1D912437000CD57D /* UIImage+GIF.m in Sources */ = {isa = PBXBuildFile; fileRef = BCF91E451D912437000CD57D /* UIImage+GIF.m */; };
		BCF91E5B1D912437000CD57D /* UIImage+MultiFormat.m in Sources */ = {isa = PBXBuildFile; fileRef = BCF91E471D912437000CD57D /* UIImage+MultiFormat.m */; };
		BCF91E5C1D912437000CD57D /* UIImage+WebP.m in Sources */ = {isa = PBXBuildFile; fileRef = BCF91E491D912437000CD57D /* UIImage+WebP.m */; };
		BCF91E5D1D912437000CD57D /* UIImageView+HighlightedWebCache.m in Sources */ = {isa = PBXBuildFile; fileRef = BCF91E4B1D912437000CD57D /* UIImageView+HighlightedWebCache.m */; };
		BCF91E5E1D912437000CD57D /* UIImageView+WebCache.m in Sources */ = {isa = PBXBuildFile; fileRef = BCF91E4D1D912437000CD57D /* UIImageView+WebCache.m */; };
		BCF91E5F1D912437000CD57D /* UIView+WebCacheOperation.m in Sources */ = {isa = PBXBuildFile; fileRef = BCF91E4F1D912437000CD57D /* UIView+WebCacheOperation.m */; };
		BCF91E621D91268C000CD57D /* MyConnection.swift in Sources */ = {isa = PBXBuildFile; fileRef = BCF91E611D91268C000CD57D /* MyConnection.swift */; };
		BCF91E661D91270B000CD57D /* BannerView.swift in Sources */ = {isa = PBXBuildFile; fileRef = BCF91E651D91270B000CD57D /* BannerView.swift */; };
		BCF91E681D91277C000CD57D /* Configration.swift in Sources */ = {isa = PBXBuildFile; fileRef = BCF91E671D91277C000CD57D /* Configration.swift */; };
		BCF91E6A1D91287B000CD57D /* bigView.swift in Sources */ = {isa = PBXBuildFile; fileRef = BCF91E691D91287B000CD57D /* bigView.swift */; };
		BCF91E6E1D913FC9000CD57D /* RecommendModel.swift in Sources */ = {isa = PBXBuildFile; fileRef = BCF91E6D1D913FC9000CD57D /* RecommendModel.swift */; };
		BCF91E711D9150B8000CD57D /* RecommendCell.swift in Sources */ = {isa = PBXBuildFile; fileRef = BCF91E6F1D9150B8000CD57D /* RecommendCell.swift */; };
		BCF91E721D9150B8000CD57D /* RecommendCell.xib in Resources */ = {isa = PBXBuildFile; fileRef = BCF91E701D9150B8000CD57D /* RecommendCell.xib */; };
		BCF91E751D915B27000CD57D /* SRecommendCell.swift in Sources */ = {isa = PBXBuildFile; fileRef = BCF91E731D915B27000CD57D /* SRecommendCell.swift */; };
		BCF91E761D915B27000CD57D /* SRecommendCell.xib in Resources */ = {isa = PBXBuildFile; fileRef = BCF91E741D915B27000CD57D /* SRecommendCell.xib */; };
		BCF91E781D915D30000CD57D /* 首页-播放.png in Resources */ = {isa = PBXBuildFile; fileRef = BCF91E771D915D30000CD57D /* 首页-播放.png */; };
		BCF91E7B1D915F5E000CD57D /* TRecommendCell.swift in Sources */ = {isa = PBXBuildFile; fileRef = BCF91E791D915F5E000CD57D /* TRecommendCell.swift */; };
		BCF91E7C1D915F5E000CD57D /* TRecommendCell.xib in Resources */ = {isa = PBXBuildFile; fileRef = BCF91E7A1D915F5E000CD57D /* TRecommendCell.xib */; };
/* End PBXBuildFile section */

/* Begin PBXFileReference section */
		BC28EE3B1D9565CC004A6388 /* 返回.png */ = {isa = PBXFileReference; lastKnownFileType = image.png; path = "返回.png"; sourceTree = "<group>"; };
		BC2C457F1D92569B004CA0D6 /* FirstViewController.swift */ = {isa = PBXFileReference; fileEncoding = 4; lastKnownFileType = sourcecode.swift; path = FirstViewController.swift; sourceTree = "<group>"; };
		BC2C45811D928385004CA0D6 /* SecondViewController.swift */ = {isa = PBXFileReference; fileEncoding = 4; lastKnownFileType = sourcecode.swift; path = SecondViewController.swift; sourceTree = "<group>"; };
		BC2C45831D92838F004CA0D6 /* ThirdViewController.swift */ = {isa = PBXFileReference; fileEncoding = 4; lastKnownFileType = sourcecode.swift; path = ThirdViewController.swift; sourceTree = "<group>"; };
		BC2C45861D928B5A004CA0D6 /* HDManager.h */ = {isa = PBXFileReference; fileEncoding = 4; lastKnownFileType = sourcecode.c.h; path = HDManager.h; sourceTree = "<group>"; };
		BC2C45871D928B5A004CA0D6 /* HDManager.m */ = {isa = PBXFileReference; fileEncoding = 4; lastKnownFileType = sourcecode.c.objc; path = HDManager.m; sourceTree = "<group>"; };
		BC2C45881D928B5A004CA0D6 /* MBProgressHUD.h */ = {isa = PBXFileReference; fileEncoding = 4; lastKnownFileType = sourcecode.c.h; path = MBProgressHUD.h; sourceTree = "<group>"; };
		BC2C45891D928B5A004CA0D6 /* MBProgressHUD.m */ = {isa = PBXFileReference; fileEncoding = 4; lastKnownFileType = sourcecode.c.objc; path = MBProgressHUD.m; sourceTree = "<group>"; };
		BC2C458E1D92AFD8004CA0D6 /* MJRefreshAutoFooter.h */ = {isa = PBXFileReference; fileEncoding = 4; lastKnownFileType = sourcecode.c.h; path = MJRefreshAutoFooter.h; sourceTree = "<group>"; };
		BC2C458F1D92AFD8004CA0D6 /* MJRefreshAutoFooter.m */ = {isa = PBXFileReference; fileEncoding = 4; lastKnownFileType = sourcecode.c.objc; path = MJRefreshAutoFooter.m; sourceTree = "<group>"; };
		BC2C45901D92AFD8004CA0D6 /* MJRefreshBackFooter.h */ = {isa = PBXFileReference; fileEncoding = 4; lastKnownFileType = sourcecode.c.h; path = MJRefreshBackFooter.h; sourceTree = "<group>"; };
		BC2C45911D92AFD8004CA0D6 /* MJRefreshBackFooter.m */ = {isa = PBXFileReference; fileEncoding = 4; lastKnownFileType = sourcecode.c.objc; path = MJRefreshBackFooter.m; sourceTree = "<group>"; };
		BC2C45921D92AFD8004CA0D6 /* MJRefreshComponent.h */ = {isa = PBXFileReference; fileEncoding = 4; lastKnownFileType = sourcecode.c.h; path = MJRefreshComponent.h; sourceTree = "<group>"; };
		BC2C45931D92AFD8004CA0D6 /* MJRefreshComponent.m */ = {isa = PBXFileReference; fileEncoding = 4; lastKnownFileType = sourcecode.c.objc; path = MJRefreshComponent.m; sourceTree = "<group>"; };
		BC2C45941D92AFD8004CA0D6 /* MJRefreshFooter.h */ = {isa = PBXFileReference; fileEncoding = 4; lastKnownFileType = sourcecode.c.h; path = MJRefreshFooter.h; sourceTree = "<group>"; };
		BC2C45951D92AFD8004CA0D6 /* MJRefreshFooter.m */ = {isa = PBXFileReference; fileEncoding = 4; lastKnownFileType = sourcecode.c.objc; path = MJRefreshFooter.m; sourceTree = "<group>"; };
		BC2C45961D92AFD8004CA0D6 /* MJRefreshHeader.h */ = {isa = PBXFileReference; fileEncoding = 4; lastKnownFileType = sourcecode.c.h; path = MJRefreshHeader.h; sourceTree = "<group>"; };
		BC2C45971D92AFD8004CA0D6 /* MJRefreshHeader.m */ = {isa = PBXFileReference; fileEncoding = 4; lastKnownFileType = sourcecode.c.objc; path = MJRefreshHeader.m; sourceTree = "<group>"; };
		BC2C459B1D92AFD8004CA0D6 /* MJRefreshAutoGifFooter.h */ = {isa = PBXFileReference; fileEncoding = 4; lastKnownFileType = sourcecode.c.h; path = MJRefreshAutoGifFooter.h; sourceTree = "<group>"; };
		BC2C459C1D92AFD8004CA0D6 /* MJRefreshAutoGifFooter.m */ = {isa = PBXFileReference; fileEncoding = 4; lastKnownFileType = sourcecode.c.objc; path = MJRefreshAutoGifFooter.m; sourceTree = "<group>"; };
		BC2C459D1D92AFD8004CA0D6 /* MJRefreshAutoNormalFooter.h */ = {isa = PBXFileReference; fileEncoding = 4; lastKnownFileType = sourcecode.c.h; path = MJRefreshAutoNormalFooter.h; sourceTree = "<group>"; };
		BC2C459E1D92AFD8004CA0D6 /* MJRefreshAutoNormalFooter.m */ = {isa = PBXFileReference; fileEncoding = 4; lastKnownFileType = sourcecode.c.objc; path = MJRefreshAutoNormalFooter.m; sourceTree = "<group>"; };
		BC2C459F1D92AFD8004CA0D6 /* MJRefreshAutoStateFooter.h */ = {isa = PBXFileReference; fileEncoding = 4; lastKnownFileType = sourcecode.c.h; path = MJRefreshAutoStateFooter.h; sourceTree = "<group>"; };
		BC2C45A01D92AFD8004CA0D6 /* MJRefreshAutoStateFooter.m */ = {isa = PBXFileReference; fileEncoding = 4; lastKnownFileType = sourcecode.c.objc; path = MJRefreshAutoStateFooter.m; sourceTree = "<group>"; };
		BC2C45A21D92AFD8004CA0D6 /* MJRefreshBackGifFooter.h */ = {isa = PBXFileReference; fileEncoding = 4; lastKnownFileType = sourcecode.c.h; path = MJRefreshBackGifFooter.h; sourceTree = "<group>"; };
		BC2C45A31D92AFD8004CA0D6 /* MJRefreshBackGifFooter.m */ = {isa = PBXFileReference; fileEncoding = 4; lastKnownFileType = sourcecode.c.objc; path = MJRefreshBackGifFooter.m; sourceTree = "<group>"; };
		BC2C45A41D92AFD8004CA0D6 /* MJRefreshBackNormalFooter.h */ = {isa = PBXFileReference; fileEncoding = 4; lastKnownFileType = sourcecode.c.h; path = MJRefreshBackNormalFooter.h; sourceTree = "<group>"; };
		BC2C45A51D92AFD8004CA0D6 /* MJRefreshBackNormalFooter.m */ = {isa = PBXFileReference; fileEncoding = 4; lastKnownFileType = sourcecode.c.objc; path = MJRefreshBackNormalFooter.m; sourceTree = "<group>"; };
		BC2C45A61D92AFD8004CA0D6 /* MJRefreshBackStateFooter.h */ = {isa = PBXFileReference; fileEncoding = 4; lastKnownFileType = sourcecode.c.h; path = MJRefreshBackStateFooter.h; sourceTree = "<group>"; };
		BC2C45A71D92AFD8004CA0D6 /* MJRefreshBackStateFooter.m */ = {isa = PBXFileReference; fileEncoding = 4; lastKnownFileType = sourcecode.c.objc; path = MJRefreshBackStateFooter.m; sourceTree = "<group>"; };
		BC2C45A91D92AFD8004CA0D6 /* MJRefreshGifHeader.h */ = {isa = PBXFileReference; fileEncoding = 4; lastKnownFileType = sourcecode.c.h; path = MJRefreshGifHeader.h; sourceTree = "<group>"; };
		BC2C45AA1D92AFD8004CA0D6 /* MJRefreshGifHeader.m */ = {isa = PBXFileReference; fileEncoding = 4; lastKnownFileType = sourcecode.c.objc; path = MJRefreshGifHeader.m; sourceTree = "<group>"; };
		BC2C45AB1D92AFD8004CA0D6 /* MJRefreshNormalHeader.h */ = {isa = PBXFileReference; fileEncoding = 4; lastKnownFileType = sourcecode.c.h; path = MJRefreshNormalHeader.h; sourceTree = "<group>"; };
		BC2C45AC1D92AFD8004CA0D6 /* MJRefreshNormalHeader.m */ = {isa = PBXFileReference; fileEncoding = 4; lastKnownFileType = sourcecode.c.objc; path = MJRefreshNormalHeader.m; sourceTree = "<group>"; };
		BC2C45AD1D92AFD8004CA0D6 /* MJRefreshStateHeader.h */ = {isa = PBXFileReference; fileEncoding = 4; lastKnownFileType = sourcecode.c.h; path = MJRefreshStateHeader.h; sourceTree = "<group>"; };
		BC2C45AE1D92AFD8004CA0D6 /* MJRefreshStateHeader.m */ = {isa = PBXFileReference; fileEncoding = 4; lastKnownFileType = sourcecode.c.objc; path = MJRefreshStateHeader.m; sourceTree = "<group>"; };
		BC2C45AF1D92AFD8004CA0D6 /* MJRefresh.bundle */ = {isa = PBXFileReference; lastKnownFileType = "wrapper.plug-in"; path = MJRefresh.bundle; sourceTree = "<group>"; };
		BC2C45B01D92AFD8004CA0D6 /* MJRefresh.h */ = {isa = PBXFileReference; fileEncoding = 4; lastKnownFileType = sourcecode.c.h; path = MJRefresh.h; sourceTree = "<group>"; };
		BC2C45B11D92AFD8004CA0D6 /* MJRefreshConst.h */ = {isa = PBXFileReference; fileEncoding = 4; lastKnownFileType = sourcecode.c.h; path = MJRefreshConst.h; sourceTree = "<group>"; };
		BC2C45B21D92AFD8004CA0D6 /* MJRefreshConst.m */ = {isa = PBXFileReference; fileEncoding = 4; lastKnownFileType = sourcecode.c.objc; path = MJRefreshConst.m; sourceTree = "<group>"; };
		BC2C45B31D92AFD8004CA0D6 /* UIScrollView+MJExtension.h */ = {isa = PBXFileReference; fileEncoding = 4; lastKnownFileType = sourcecode.c.h; path = "UIScrollView+MJExtension.h"; sourceTree = "<group>"; };
		BC2C45B41D92AFD8004CA0D6 /* UIScrollView+MJExtension.m */ = {isa = PBXFileReference; fileEncoding = 4; lastKnownFileType = sourcecode.c.objc; path = "UIScrollView+MJExtension.m"; sourceTree = "<group>"; };
		BC2C45B51D92AFD8004CA0D6 /* UIScrollView+MJRefresh.h */ = {isa = PBXFileReference; fileEncoding = 4; lastKnownFileType = sourcecode.c.h; path = "UIScrollView+MJRefresh.h"; sourceTree = "<group>"; };
		BC2C45B61D92AFD8004CA0D6 /* UIScrollView+MJRefresh.m */ = {isa = PBXFileReference; fileEncoding = 4; lastKnownFileType = sourcecode.c.objc; path = "UIScrollView+MJRefresh.m"; sourceTree = "<group>"; };
		BC2C45B71D92AFD8004CA0D6 /* UIView+MJExtension.h */ = {isa = PBXFileReference; fileEncoding = 4; lastKnownFileType = sourcecode.c.h; path = "UIView+MJExtension.h"; sourceTree = "<group>"; };
		BC2C45B81D92AFD8004CA0D6 /* UIView+MJExtension.m */ = {isa = PBXFileReference; fileEncoding = 4; lastKnownFileType = sourcecode.c.objc; path = "UIView+MJExtension.m"; sourceTree = "<group>"; };
		BC2C45CE1D92B4F8004CA0D6 /* headCell.swift */ = {isa = PBXFileReference; fileEncoding = 4; lastKnownFileType = sourcecode.swift; path = headCell.swift; sourceTree = "<group>"; };
		BC2C45CF1D92B4F8004CA0D6 /* headCell.xib */ = {isa = PBXFileReference; fileEncoding = 4; lastKnownFileType = file.xib; path = headCell.xib; sourceTree = "<group>"; };
		BC2C45D21D92B6B1004CA0D6 /* ClassifyModel.swift */ = {isa = PBXFileReference; fileEncoding = 4; lastKnownFileType = sourcecode.swift; path = ClassifyModel.swift; sourceTree = "<group>"; };
		BC2C45D41D92C6D2004CA0D6 /* buttomCell.swift */ = {isa = PBXFileReference; fileEncoding = 4; lastKnownFileType = sourcecode.swift; path = buttomCell.swift; sourceTree = "<group>"; };
		BC2C45D51D92C6D2004CA0D6 /* buttomCell.xib */ = {isa = PBXFileReference; fileEncoding = 4; lastKnownFileType = file.xib; path = buttomCell.xib; sourceTree = "<group>"; };
		BC2CFEBE1D97603A005FA546 /* DetailsViewController.swift */ = {isa = PBXFileReference; fileEncoding = 4; lastKnownFileType = sourcecode.swift; path = DetailsViewController.swift; sourceTree = "<group>"; };
		BC2CFEC01D976DED005FA546 /* MovieView.swift */ = {isa = PBXFileReference; fileEncoding = 4; lastKnownFileType = sourcecode.swift; path = MovieView.swift; sourceTree = "<group>"; };
		BC2CFEC21D977563005FA546 /* DetailsModel.swift */ = {isa = PBXFileReference; fileEncoding = 4; lastKnownFileType = sourcecode.swift; path = DetailsModel.swift; sourceTree = "<group>"; };
		BC2EC2D81D94AD740054C2C4 /* secondCell.swift */ = {isa = PBXFileReference; fileEncoding = 4; lastKnownFileType = sourcecode.swift; path = secondCell.swift; sourceTree = "<group>"; };
		BC2EC2D91D94AD740054C2C4 /* secondCell.xib */ = {isa = PBXFileReference; fileEncoding = 4; lastKnownFileType = file.xib; path = secondCell.xib; sourceTree = "<group>"; };
		BC2EC2DC1D94B2540054C2C4 /* 评论.png */ = {isa = PBXFileReference; lastKnownFileType = image.png; path = "评论.png"; sourceTree = "<group>"; };
		BC2EC2DE1D94B2A20054C2C4 /* 白心.png */ = {isa = PBXFileReference; lastKnownFileType = image.png; path = "白心.png"; sourceTree = "<group>"; };
		BC2EC3521D954FDF0054C2C4 /* CFourthViewController.swift */ = {isa = PBXFileReference; fileEncoding = 4; lastKnownFileType = sourcecode.swift; path = CFourthViewController.swift; sourceTree = "<group>"; };
		BC2EC3541D955FD70054C2C4 /* CFifthViewController.swift */ = {isa = PBXFileReference; fileEncoding = 4; lastKnownFileType = sourcecode.swift; path = CFifthViewController.swift; sourceTree = "<group>"; };
		BC404DF01D98A3200095F2E3 /* 电影.png */ = {isa = PBXFileReference; lastKnownFileType = image.png; path = "电影.png"; sourceTree = "<group>"; };
		BC404DF21D98C5600095F2E3 /* actorCell.swift */ = {isa = PBXFileReference; fileEncoding = 4; lastKnownFileType = sourcecode.swift; path = actorCell.swift; sourceTree = "<group>"; };
		BC404DF31D98C5600095F2E3 /* actorCell.xib */ = {isa = PBXFileReference; fileEncoding = 4; lastKnownFileType = file.xib; path = actorCell.xib; sourceTree = "<group>"; };
		BC404DF61D98C6B70095F2E3 /* noticeCell.swift */ = {isa = PBXFileReference; fileEncoding = 4; lastKnownFileType = sourcecode.swift; path = noticeCell.swift; sourceTree = "<group>"; };
		BC404DF71D98C6B70095F2E3 /* noticeCell.xib */ = {isa = PBXFileReference; fileEncoding = 4; lastKnownFileType = file.xib; path = noticeCell.xib; sourceTree = "<group>"; };
		BC404DFA1D98C7380095F2E3 /* stillCell.swift */ = {isa = PBXFileReference; fileEncoding = 4; lastKnownFileType = sourcecode.swift; path = stillCell.swift; sourceTree = "<group>"; };
		BC404DFB1D98C7380095F2E3 /* stillCell.xib */ = {isa = PBXFileReference; fileEncoding = 4; lastKnownFileType = file.xib; path = stillCell.xib; sourceTree = "<group>"; };
		BC404DFE1D98DBCC0095F2E3 /* movieIntroduceCell.swift */ = {isa = PBXFileReference; fileEncoding = 4; lastKnownFileType = sourcecode.swift; path = movieIntroduceCell.swift; sourceTree = "<group>"; };
		BC404DFF1D98DBCC0095F2E3 /* movieIntroduceCell.xib */ = {isa = PBXFileReference; fileEncoding = 4; lastKnownFileType = file.xib; path = movieIntroduceCell.xib; sourceTree = "<group>"; };
		BC404E061D990E350095F2E3 /* commentCell.swift */ = {isa = PBXFileReference; fileEncoding = 4; lastKnownFileType = sourcecode.swift; path = commentCell.swift; sourceTree = "<group>"; };
		BC404E071D990E350095F2E3 /* commentCell.xib */ = {isa = PBXFileReference; fileEncoding = 4; lastKnownFileType = file.xib; path = commentCell.xib; sourceTree = "<group>"; };
		BC404E0A1D991A330095F2E3 /* 评论头像.png */ = {isa = PBXFileReference; lastKnownFileType = image.png; path = "评论头像.png"; sourceTree = "<group>"; };
		BC404E0C1D9921ED0095F2E3 /* MineViewController.swift */ = {isa = PBXFileReference; fileEncoding = 4; lastKnownFileType = sourcecode.swift; path = MineViewController.swift; sourceTree = "<group>"; };
		BC404E0D1D9921ED0095F2E3 /* MineViewController.xib */ = {isa = PBXFileReference; fileEncoding = 4; lastKnownFileType = file.xib; path = MineViewController.xib; sourceTree = "<group>"; };
		BC404E101D9929AF0095F2E3 /* 更多.png */ = {isa = PBXFileReference; lastKnownFileType = image.png; path = "更多.png"; sourceTree = "<group>"; };
		BC404E121D9929F40095F2E3 /* 灰色更多.png */ = {isa = PBXFileReference; lastKnownFileType = image.png; path = "灰色更多.png"; sourceTree = "<group>"; };
		BC404E141D993AB30095F2E3 /* LoginsViewController.swift */ = {isa = PBXFileReference; fileEncoding = 4; lastKnownFileType = sourcecode.swift; path = LoginsViewController.swift; sourceTree = "<group>"; };
		BC404E221D9942AE0095F2E3 /* DengluViewController.swift */ = {isa = PBXFileReference; fileEncoding = 4; lastKnownFileType = sourcecode.swift; path = DengluViewController.swift; sourceTree = "<group>"; };
		BC404E231D9942AE0095F2E3 /* DengluViewController.xib */ = {isa = PBXFileReference; fileEncoding = 4; lastKnownFileType = file.xib; path = DengluViewController.xib; sourceTree = "<group>"; };
		BC404E261D9942D40095F2E3 /* ZhuCeViewController.swift */ = {isa = PBXFileReference; fileEncoding = 4; lastKnownFileType = sourcecode.swift; path = ZhuCeViewController.swift; sourceTree = "<group>"; };
		BC404E271D9942D40095F2E3 /* ZhuCeViewController.xib */ = {isa = PBXFileReference; fileEncoding = 4; lastKnownFileType = file.xib; path = ZhuCeViewController.xib; sourceTree = "<group>"; };
		BCD595E01D9375EC000E77DF /* firstCell.swift */ = {isa = PBXFileReference; fileEncoding = 4; lastKnownFileType = sourcecode.swift; path = firstCell.swift; sourceTree = "<group>"; };
		BCD595E11D9375EC000E77DF /* firstCell.xib */ = {isa = PBXFileReference; fileEncoding = 4; lastKnownFileType = file.xib; path = firstCell.xib; sourceTree = "<group>"; };
		BCD595E41D937E8A000E77DF /* 心.png */ = {isa = PBXFileReference; lastKnownFileType = image.png; path = "心.png"; sourceTree = "<group>"; };
		BCD595E61D93CABC000E77DF /* CSecondViewController.swift */ = {isa = PBXFileReference; fileEncoding = 4; lastKnownFileType = sourcecode.swift; path = CSecondViewController.swift; sourceTree = "<group>"; };
		BCD595E81D941D6C000E77DF /* CThirdViewController.swift */ = {isa = PBXFileReference; fileEncoding = 4; lastKnownFileType = sourcecode.swift; path = CThirdViewController.swift; sourceTree = "<group>"; };
		BCEBDED61D96043800B0BE7D /* newestCell.swift */ = {isa = PBXFileReference; fileEncoding = 4; lastKnownFileType = sourcecode.swift; path = newestCell.swift; sourceTree = "<group>"; };
		BCEBDED71D96043800B0BE7D /* newestCell.xib */ = {isa = PBXFileReference; fileEncoding = 4; lastKnownFileType = file.xib; path = newestCell.xib; sourceTree = "<group>"; };
		BCEBDEDA1D960D9000B0BE7D /* 评论灰色.png */ = {isa = PBXFileReference; lastKnownFileType = image.png; path = "评论灰色.png"; sourceTree = "<group>"; };
		BCEBDEDC1D960FBC00B0BE7D /* DiscoverModel.swift */ = {isa = PBXFileReference; fileEncoding = 4; lastKnownFileType = sourcecode.swift; path = DiscoverModel.swift; sourceTree = "<group>"; };
		BCEDE4BE1D936EA5008C22C5 /* CFirstViewController.swift */ = {isa = PBXFileReference; fileEncoding = 4; lastKnownFileType = sourcecode.swift; path = CFirstViewController.swift; sourceTree = "<group>"; };
		BCF91DAB1D911C5D000CD57D /* BaSaiMovie.app */ = {isa = PBXFileReference; explicitFileType = wrapper.application; includeInIndex = 0; path = BaSaiMovie.app; sourceTree = BUILT_PRODUCTS_DIR; };
		BCF91DAE1D911C5D000CD57D /* AppDelegate.swift */ = {isa = PBXFileReference; lastKnownFileType = sourcecode.swift; path = AppDelegate.swift; sourceTree = "<group>"; };
		BCF91DB01D911C5D000CD57D /* ViewController.swift */ = {isa = PBXFileReference; lastKnownFileType = sourcecode.swift; path = ViewController.swift; sourceTree = "<group>"; };
		BCF91DB31D911C5D000CD57D /* Base */ = {isa = PBXFileReference; lastKnownFileType = file.storyboard; name = Base; path = Base.lproj/Main.storyboard; sourceTree = "<group>"; };
		BCF91DB51D911C5D000CD57D /* Assets.xcassets */ = {isa = PBXFileReference; lastKnownFileType = folder.assetcatalog; path = Assets.xcassets; sourceTree = "<group>"; };
		BCF91DB81D911C5D000CD57D /* Base */ = {isa = PBXFileReference; lastKnownFileType = file.storyboard; name = Base; path = Base.lproj/LaunchScreen.storyboard; sourceTree = "<group>"; };
		BCF91DBA1D911C5D000CD57D /* Info.plist */ = {isa = PBXFileReference; lastKnownFileType = text.plist.xml; path = Info.plist; sourceTree = "<group>"; };
		BCF91DC71D911E23000CD57D /* BaseViewController.swift */ = {isa = PBXFileReference; fileEncoding = 4; lastKnownFileType = sourcecode.swift; path = BaseViewController.swift; sourceTree = "<group>"; };
		BCF91DC91D911E43000CD57D /* MyTabBarViewController.swift */ = {isa = PBXFileReference; fileEncoding = 4; lastKnownFileType = sourcecode.swift; path = MyTabBarViewController.swift; sourceTree = "<group>"; };
		BCF91DCB1D911E7E000CD57D /* RecommendViewController.swift */ = {isa = PBXFileReference; fileEncoding = 4; lastKnownFileType = sourcecode.swift; path = RecommendViewController.swift; sourceTree = "<group>"; };
		BCF91DCD1D911E9B000CD57D /* ClassifyViewController.swift */ = {isa = PBXFileReference; fileEncoding = 4; lastKnownFileType = sourcecode.swift; path = ClassifyViewController.swift; sourceTree = "<group>"; };
		BCF91DCF1D911EB3000CD57D /* DiscoverViewController.swift */ = {isa = PBXFileReference; fileEncoding = 4; lastKnownFileType = sourcecode.swift; path = DiscoverViewController.swift; sourceTree = "<group>"; };
		BCF91DD91D911F5D000CD57D /* 我的A.png */ = {isa = PBXFileReference; lastKnownFileType = image.png; path = "我的A.png"; sourceTree = "<group>"; };
		BCF91DDA1D911F5D000CD57D /* 我的B.png */ = {isa = PBXFileReference; lastKnownFileType = image.png; path = "我的B.png"; sourceTree = "<group>"; };
		BCF91DDB1D911F5D000CD57D /* 推荐A.png */ = {isa = PBXFileReference; lastKnownFileType = image.png; path = "推荐A.png"; sourceTree = "<group>"; };
		BCF91DDC1D911F5D000CD57D /* 推荐B.png */ = {isa = PBXFileReference; lastKnownFileType = image.png; path = "推荐B.png"; sourceTree = "<group>"; };
		BCF91DE51D9122E6000CD57D /* 分类B.png */ = {isa = PBXFileReference; lastKnownFileType = image.png; path = "分类B.png"; sourceTree = "<group>"; };
		BCF91DE61D9122E6000CD57D /* 分类A.png */ = {isa = PBXFileReference; lastKnownFileType = image.png; path = "分类A.png"; sourceTree = "<group>"; };
		BCF91DE91D912349000CD57D /* 发现B.png */ = {isa = PBXFileReference; lastKnownFileType = image.png; path = "发现B.png"; sourceTree = "<group>"; };
		BCF91DEA1D912349000CD57D /* 发现A.png */ = {isa = PBXFileReference; lastKnownFileType = image.png; path = "发现A.png"; sourceTree = "<group>"; };
		BCF91E2F1D912437000CD57D /* MKAnnotationView+WebCache.h */ = {isa = PBXFileReference; fileEncoding = 4; lastKnownFileType = sourcecode.c.h; path = "MKAnnotationView+WebCache.h"; sourceTree = "<group>"; };
		BCF91E301D912437000CD57D /* MKAnnotationView+WebCache.m */ = {isa = PBXFileReference; fileEncoding = 4; lastKnownFileType = sourcecode.c.objc; path = "MKAnnotationView+WebCache.m"; sourceTree = "<group>"; };
		BCF91E311D912437000CD57D /* NSData+ImageContentType.h */ = {isa = PBXFileReference; fileEncoding = 4; lastKnownFileType = sourcecode.c.h; path = "NSData+ImageContentType.h"; sourceTree = "<group>"; };
		BCF91E321D912437000CD57D /* NSData+ImageContentType.m */ = {isa = PBXFileReference; fileEncoding = 4; lastKnownFileType = sourcecode.c.objc; path = "NSData+ImageContentType.m"; sourceTree = "<group>"; };
		BCF91E331D912437000CD57D /* SDImageCache.h */ = {isa = PBXFileReference; fileEncoding = 4; lastKnownFileType = sourcecode.c.h; path = SDImageCache.h; sourceTree = "<group>"; };
		BCF91E341D912437000CD57D /* SDImageCache.m */ = {isa = PBXFileReference; fileEncoding = 4; lastKnownFileType = sourcecode.c.objc; path = SDImageCache.m; sourceTree = "<group>"; };
		BCF91E351D912437000CD57D /* SDWebImageCompat.h */ = {isa = PBXFileReference; fileEncoding = 4; lastKnownFileType = sourcecode.c.h; path = SDWebImageCompat.h; sourceTree = "<group>"; };
		BCF91E361D912437000CD57D /* SDWebImageCompat.m */ = {isa = PBXFileReference; fileEncoding = 4; lastKnownFileType = sourcecode.c.objc; path = SDWebImageCompat.m; sourceTree = "<group>"; };
		BCF91E371D912437000CD57D /* SDWebImageDecoder.h */ = {isa = PBXFileReference; fileEncoding = 4; lastKnownFileType = sourcecode.c.h; path = SDWebImageDecoder.h; sourceTree = "<group>"; };
		BCF91E381D912437000CD57D /* SDWebImageDecoder.m */ = {isa = PBXFileReference; fileEncoding = 4; lastKnownFileType = sourcecode.c.objc; path = SDWebImageDecoder.m; sourceTree = "<group>"; };
		BCF91E391D912437000CD57D /* SDWebImageDownloader.h */ = {isa = PBXFileReference; fileEncoding = 4; lastKnownFileType = sourcecode.c.h; path = SDWebImageDownloader.h; sourceTree = "<group>"; };
		BCF91E3A1D912437000CD57D /* SDWebImageDownloader.m */ = {isa = PBXFileReference; fileEncoding = 4; lastKnownFileType = sourcecode.c.objc; path = SDWebImageDownloader.m; sourceTree = "<group>"; };
		BCF91E3B1D912437000CD57D /* SDWebImageDownloaderOperation.h */ = {isa = PBXFileReference; fileEncoding = 4; lastKnownFileType = sourcecode.c.h; path = SDWebImageDownloaderOperation.h; sourceTree = "<group>"; };
		BCF91E3C1D912437000CD57D /* SDWebImageDownloaderOperation.m */ = {isa = PBXFileReference; fileEncoding = 4; lastKnownFileType = sourcecode.c.objc; path = SDWebImageDownloaderOperation.m; sourceTree = "<group>"; };
		BCF91E3D1D912437000CD57D /* SDWebImageManager.h */ = {isa = PBXFileReference; fileEncoding = 4; lastKnownFileType = sourcecode.c.h; path = SDWebImageManager.h; sourceTree = "<group>"; };
		BCF91E3E1D912437000CD57D /* SDWebImageManager.m */ = {isa = PBXFileReference; fileEncoding = 4; lastKnownFileType = sourcecode.c.objc; path = SDWebImageManager.m; sourceTree = "<group>"; };
		BCF91E3F1D912437000CD57D /* SDWebImageOperation.h */ = {isa = PBXFileReference; fileEncoding = 4; lastKnownFileType = sourcecode.c.h; path = SDWebImageOperation.h; sourceTree = "<group>"; };
		BCF91E401D912437000CD57D /* SDWebImagePrefetcher.h */ = {isa = PBXFileReference; fileEncoding = 4; lastKnownFileType = sourcecode.c.h; path = SDWebImagePrefetcher.h; sourceTree = "<group>"; };
		BCF91E411D912437000CD57D /* SDWebImagePrefetcher.m */ = {isa = PBXFileReference; fileEncoding = 4; lastKnownFileType = sourcecode.c.objc; path = SDWebImagePrefetcher.m; sourceTree = "<group>"; };
		BCF91E421D912437000CD57D /* UIButton+WebCache.h */ = {isa = PBXFileReference; fileEncoding = 4; lastKnownFileType = sourcecode.c.h; path = "UIButton+WebCache.h"; sourceTree = "<group>"; };
		BCF91E431D912437000CD57D /* UIButton+WebCache.m */ = {isa = PBXFileReference; fileEncoding = 4; lastKnownFileType = sourcecode.c.objc; path = "UIButton+WebCache.m"; sourceTree = "<group>"; };
		BCF91E441D912437000CD57D /* UIImage+GIF.h */ = {isa = PBXFileReference; fileEncoding = 4; lastKnownFileType = sourcecode.c.h; path = "UIImage+GIF.h"; sourceTree = "<group>"; };
		BCF91E451D912437000CD57D /* UIImage+GIF.m */ = {isa = PBXFileReference; fileEncoding = 4; lastKnownFileType = sourcecode.c.objc; path = "UIImage+GIF.m"; sourceTree = "<group>"; };
		BCF91E461D912437000CD57D /* UIImage+MultiFormat.h */ = {isa = PBXFileReference; fileEncoding = 4; lastKnownFileType = sourcecode.c.h; path = "UIImage+MultiFormat.h"; sourceTree = "<group>"; };
		BCF91E471D912437000CD57D /* UIImage+MultiFormat.m */ = {isa = PBXFileReference; fileEncoding = 4; lastKnownFileType = sourcecode.c.objc; path = "UIImage+MultiFormat.m"; sourceTree = "<group>"; };
		BCF91E481D912437000CD57D /* UIImage+WebP.h */ = {isa = PBXFileReference; fileEncoding = 4; lastKnownFileType = sourcecode.c.h; path = "UIImage+WebP.h"; sourceTree = "<group>"; };
		BCF91E491D912437000CD57D /* UIImage+WebP.m */ = {isa = PBXFileReference; fileEncoding = 4; lastKnownFileType = sourcecode.c.objc; path = "UIImage+WebP.m"; sourceTree = "<group>"; };
		BCF91E4A1D912437000CD57D /* UIImageView+HighlightedWebCache.h */ = {isa = PBXFileReference; fileEncoding = 4; lastKnownFileType = sourcecode.c.h; path = "UIImageView+HighlightedWebCache.h"; sourceTree = "<group>"; };
		BCF91E4B1D912437000CD57D /* UIImageView+HighlightedWebCache.m */ = {isa = PBXFileReference; fileEncoding = 4; lastKnownFileType = sourcecode.c.objc; path = "UIImageView+HighlightedWebCache.m"; sourceTree = "<group>"; };
		BCF91E4C1D912437000CD57D /* UIImageView+WebCache.h */ = {isa = PBXFileReference; fileEncoding = 4; lastKnownFileType = sourcecode.c.h; path = "UIImageView+WebCache.h"; sourceTree = "<group>"; };
		BCF91E4D1D912437000CD57D /* UIImageView+WebCache.m */ = {isa = PBXFileReference; fileEncoding = 4; lastKnownFileType = sourcecode.c.objc; path = "UIImageView+WebCache.m"; sourceTree = "<group>"; };
		BCF91E4E1D912437000CD57D /* UIView+WebCacheOperation.h */ = {isa = PBXFileReference; fileEncoding = 4; lastKnownFileType = sourcecode.c.h; path = "UIView+WebCacheOperation.h"; sourceTree = "<group>"; };
		BCF91E4F1D912437000CD57D /* UIView+WebCacheOperation.m */ = {isa = PBXFileReference; fileEncoding = 4; lastKnownFileType = sourcecode.c.objc; path = "UIView+WebCacheOperation.m"; sourceTree = "<group>"; };
		BCF91E601D912450000CD57D /* BridgingHeader.h */ = {isa = PBXFileReference; lastKnownFileType = sourcecode.c.h; path = BridgingHeader.h; sourceTree = "<group>"; };
		BCF91E611D91268C000CD57D /* MyConnection.swift */ = {isa = PBXFileReference; fileEncoding = 4; lastKnownFileType = sourcecode.swift; path = MyConnection.swift; sourceTree = "<group>"; };
		BCF91E651D91270B000CD57D /* BannerView.swift */ = {isa = PBXFileReference; fileEncoding = 4; lastKnownFileType = sourcecode.swift; path = BannerView.swift; sourceTree = "<group>"; };
		BCF91E671D91277C000CD57D /* Configration.swift */ = {isa = PBXFileReference; fileEncoding = 4; lastKnownFileType = sourcecode.swift; path = Configration.swift; sourceTree = "<group>"; };
		BCF91E691D91287B000CD57D /* bigView.swift */ = {isa = PBXFileReference; fileEncoding = 4; lastKnownFileType = sourcecode.swift; path = bigView.swift; sourceTree = "<group>"; };
		BCF91E6D1D913FC9000CD57D /* RecommendModel.swift */ = {isa = PBXFileReference; fileEncoding = 4; lastKnownFileType = sourcecode.swift; path = RecommendModel.swift; sourceTree = "<group>"; };
		BCF91E6F1D9150B8000CD57D /* RecommendCell.swift */ = {isa = PBXFileReference; fileEncoding = 4; lastKnownFileType = sourcecode.swift; path = RecommendCell.swift; sourceTree = "<group>"; };
		BCF91E701D9150B8000CD57D /* RecommendCell.xib */ = {isa = PBXFileReference; fileEncoding = 4; lastKnownFileType = file.xib; path = RecommendCell.xib; sourceTree = "<group>"; };
		BCF91E731D915B27000CD57D /* SRecommendCell.swift */ = {isa = PBXFileReference; fileEncoding = 4; lastKnownFileType = sourcecode.swift; path = SRecommendCell.swift; sourceTree = "<group>"; };
		BCF91E741D915B27000CD57D /* SRecommendCell.xib */ = {isa = PBXFileReference; fileEncoding = 4; lastKnownFileType = file.xib; path = SRecommendCell.xib; sourceTree = "<group>"; };
		BCF91E771D915D30000CD57D /* 首页-播放.png */ = {isa = PBXFileReference; lastKnownFileType = image.png; path = "首页-播放.png"; sourceTree = "<group>"; };
		BCF91E791D915F5E000CD57D /* TRecommendCell.swift */ = {isa = PBXFileReference; fileEncoding = 4; lastKnownFileType = sourcecode.swift; path = TRecommendCell.swift; sourceTree = "<group>"; };
		BCF91E7A1D915F5E000CD57D /* TRecommendCell.xib */ = {isa = PBXFileReference; fileEncoding = 4; lastKnownFileType = file.xib; path = TRecommendCell.xib; sourceTree = "<group>"; };
/* End PBXFileReference section */

/* Begin PBXFrameworksBuildPhase section */
		BCF91DA81D911C5D000CD57D /* Frameworks */ = {
			isa = PBXFrameworksBuildPhase;
			buildActionMask = 2147483647;
			files = (
			);
			runOnlyForDeploymentPostprocessing = 0;
		};
/* End PBXFrameworksBuildPhase section */

/* Begin PBXGroup section */
		BC28EE3D1D9567EB004A6388 /* Model */ = {
			isa = PBXGroup;
			children = (
				BCEBDEDC1D960FBC00B0BE7D /* DiscoverModel.swift */,
				BC2CFEC21D977563005FA546 /* DetailsModel.swift */,
			);
			path = Model;
			sourceTree = "<group>";
		};
		BC28EE3E1D9567EB004A6388 /* View */ = {
			isa = PBXGroup;
			children = (
				BCEBDED61D96043800B0BE7D /* newestCell.swift */,
				BCEBDED71D96043800B0BE7D /* newestCell.xib */,
				BC2CFEC01D976DED005FA546 /* MovieView.swift */,
				BC404DFE1D98DBCC0095F2E3 /* movieIntroduceCell.swift */,
				BC404DFF1D98DBCC0095F2E3 /* movieIntroduceCell.xib */,
				BC404E061D990E350095F2E3 /* commentCell.swift */,
				BC404E071D990E350095F2E3 /* commentCell.xib */,
				BC404DF21D98C5600095F2E3 /* actorCell.swift */,
				BC404DF31D98C5600095F2E3 /* actorCell.xib */,
				BC404DF61D98C6B70095F2E3 /* noticeCell.swift */,
				BC404DF71D98C6B70095F2E3 /* noticeCell.xib */,
				BC404DFA1D98C7380095F2E3 /* stillCell.swift */,
				BC404DFB1D98C7380095F2E3 /* stillCell.xib */,
			);
			path = View;
			sourceTree = "<group>";
		};
		BC2C45851D928B5A004CA0D6 /* MBProgressHUD */ = {
			isa = PBXGroup;
			children = (
				BC2C45861D928B5A004CA0D6 /* HDManager.h */,
				BC2C45871D928B5A004CA0D6 /* HDManager.m */,
				BC2C45881D928B5A004CA0D6 /* MBProgressHUD.h */,
				BC2C45891D928B5A004CA0D6 /* MBProgressHUD.m */,
			);
			path = MBProgressHUD;
			sourceTree = "<group>";
		};
		BC2C458C1D92AFD8004CA0D6 /* MJRefresh */ = {
			isa = PBXGroup;
			children = (
				BC2C458D1D92AFD8004CA0D6 /* Base */,
				BC2C45981D92AFD8004CA0D6 /* Custom */,
				BC2C45AF1D92AFD8004CA0D6 /* MJRefresh.bundle */,
				BC2C45B01D92AFD8004CA0D6 /* MJRefresh.h */,
				BC2C45B11D92AFD8004CA0D6 /* MJRefreshConst.h */,
				BC2C45B21D92AFD8004CA0D6 /* MJRefreshConst.m */,
				BC2C45B31D92AFD8004CA0D6 /* UIScrollView+MJExtension.h */,
				BC2C45B41D92AFD8004CA0D6 /* UIScrollView+MJExtension.m */,
				BC2C45B51D92AFD8004CA0D6 /* UIScrollView+MJRefresh.h */,
				BC2C45B61D92AFD8004CA0D6 /* UIScrollView+MJRefresh.m */,
				BC2C45B71D92AFD8004CA0D6 /* UIView+MJExtension.h */,
				BC2C45B81D92AFD8004CA0D6 /* UIView+MJExtension.m */,
			);
			path = MJRefresh;
			sourceTree = "<group>";
		};
		BC2C458D1D92AFD8004CA0D6 /* Base */ = {
			isa = PBXGroup;
			children = (
				BC2C458E1D92AFD8004CA0D6 /* MJRefreshAutoFooter.h */,
				BC2C458F1D92AFD8004CA0D6 /* MJRefreshAutoFooter.m */,
				BC2C45901D92AFD8004CA0D6 /* MJRefreshBackFooter.h */,
				BC2C45911D92AFD8004CA0D6 /* MJRefreshBackFooter.m */,
				BC2C45921D92AFD8004CA0D6 /* MJRefreshComponent.h */,
				BC2C45931D92AFD8004CA0D6 /* MJRefreshComponent.m */,
				BC2C45941D92AFD8004CA0D6 /* MJRefreshFooter.h */,
				BC2C45951D92AFD8004CA0D6 /* MJRefreshFooter.m */,
				BC2C45961D92AFD8004CA0D6 /* MJRefreshHeader.h */,
				BC2C45971D92AFD8004CA0D6 /* MJRefreshHeader.m */,
			);
			path = Base;
			sourceTree = "<group>";
		};
		BC2C45981D92AFD8004CA0D6 /* Custom */ = {
			isa = PBXGroup;
			children = (
				BC2C45991D92AFD8004CA0D6 /* Footer */,
				BC2C45A81D92AFD8004CA0D6 /* Header */,
			);
			path = Custom;
			sourceTree = "<group>";
		};
		BC2C45991D92AFD8004CA0D6 /* Footer */ = {
			isa = PBXGroup;
			children = (
				BC2C459A1D92AFD8004CA0D6 /* Auto */,
				BC2C45A11D92AFD8004CA0D6 /* Back */,
			);
			path = Footer;
			sourceTree = "<group>";
		};
		BC2C459A1D92AFD8004CA0D6 /* Auto */ = {
			isa = PBXGroup;
			children = (
				BC2C459B1D92AFD8004CA0D6 /* MJRefreshAutoGifFooter.h */,
				BC2C459C1D92AFD8004CA0D6 /* MJRefreshAutoGifFooter.m */,
				BC2C459D1D92AFD8004CA0D6 /* MJRefreshAutoNormalFooter.h */,
				BC2C459E1D92AFD8004CA0D6 /* MJRefreshAutoNormalFooter.m */,
				BC2C459F1D92AFD8004CA0D6 /* MJRefreshAutoStateFooter.h */,
				BC2C45A01D92AFD8004CA0D6 /* MJRefreshAutoStateFooter.m */,
			);
			path = Auto;
			sourceTree = "<group>";
		};
		BC2C45A11D92AFD8004CA0D6 /* Back */ = {
			isa = PBXGroup;
			children = (
				BC2C45A21D92AFD8004CA0D6 /* MJRefreshBackGifFooter.h */,
				BC2C45A31D92AFD8004CA0D6 /* MJRefreshBackGifFooter.m */,
				BC2C45A41D92AFD8004CA0D6 /* MJRefreshBackNormalFooter.h */,
				BC2C45A51D92AFD8004CA0D6 /* MJRefreshBackNormalFooter.m */,
				BC2C45A61D92AFD8004CA0D6 /* MJRefreshBackStateFooter.h */,
				BC2C45A71D92AFD8004CA0D6 /* MJRefreshBackStateFooter.m */,
			);
			path = Back;
			sourceTree = "<group>";
		};
		BC2C45A81D92AFD8004CA0D6 /* Header */ = {
			isa = PBXGroup;
			children = (
				BC2C45A91D92AFD8004CA0D6 /* MJRefreshGifHeader.h */,
				BC2C45AA1D92AFD8004CA0D6 /* MJRefreshGifHeader.m */,
				BC2C45AB1D92AFD8004CA0D6 /* MJRefreshNormalHeader.h */,
				BC2C45AC1D92AFD8004CA0D6 /* MJRefreshNormalHeader.m */,
				BC2C45AD1D92AFD8004CA0D6 /* MJRefreshStateHeader.h */,
				BC2C45AE1D92AFD8004CA0D6 /* MJRefreshStateHeader.m */,
			);
			path = Header;
			sourceTree = "<group>";
		};
		BC2C45CC1D92B4CA004CA0D6 /* Model */ = {
			isa = PBXGroup;
			children = (
				BC2C45D21D92B6B1004CA0D6 /* ClassifyModel.swift */,
			);
			path = Model;
			sourceTree = "<group>";
		};
		BC2C45CD1D92B4D0004CA0D6 /* View */ = {
			isa = PBXGroup;
			children = (
				BC2C45CE1D92B4F8004CA0D6 /* headCell.swift */,
				BC2C45CF1D92B4F8004CA0D6 /* headCell.xib */,
				BC2C45D41D92C6D2004CA0D6 /* buttomCell.swift */,
				BC2C45D51D92C6D2004CA0D6 /* buttomCell.xib */,
				BCD595E01D9375EC000E77DF /* firstCell.swift */,
				BCD595E11D9375EC000E77DF /* firstCell.xib */,
				BC2EC2D81D94AD740054C2C4 /* secondCell.swift */,
				BC2EC2D91D94AD740054C2C4 /* secondCell.xib */,
			);
			path = View;
			sourceTree = "<group>";
		};
		BCF91DA21D911C5D000CD57D = {
			isa = PBXGroup;
			children = (
				BCF91DED1D9123E5000CD57D /* ThirdLibrary */,
				BCF91DD41D911F5D000CD57D /* iconView */,
				BCF91DD31D911F2D000CD57D /* Common */,
				BCF91DC11D911CFF000CD57D /* ViewController */,
				BCF91DAD1D911C5D000CD57D /* BaSaiMovie */,
				BCF91DAC1D911C5D000CD57D /* Products */,
			);
			sourceTree = "<group>";
		};
		BCF91DAC1D911C5D000CD57D /* Products */ = {
			isa = PBXGroup;
			children = (
				BCF91DAB1D911C5D000CD57D /* BaSaiMovie.app */,
			);
			name = Products;
			sourceTree = "<group>";
		};
		BCF91DAD1D911C5D000CD57D /* BaSaiMovie */ = {
			isa = PBXGroup;
			children = (
				BCF91DAE1D911C5D000CD57D /* AppDelegate.swift */,
				BCF91DB01D911C5D000CD57D /* ViewController.swift */,
				BCF91DB21D911C5D000CD57D /* Main.storyboard */,
				BCF91DB51D911C5D000CD57D /* Assets.xcassets */,
				BCF91DB71D911C5D000CD57D /* LaunchScreen.storyboard */,
				BCF91DBA1D911C5D000CD57D /* Info.plist */,
			);
			path = BaSaiMovie;
			sourceTree = "<group>";
		};
		BCF91DC11D911CFF000CD57D /* ViewController */ = {
			isa = PBXGroup;
			children = (
				BCF91DC61D911E0F000CD57D /* Base */,
				BCF91DC21D911DB3000CD57D /* 推荐 */,
				BCF91DC31D911DBA000CD57D /* 分类 */,
				BCF91DC41D911DC2000CD57D /* 发现 */,
				BCF91DC51D911DC8000CD57D /* 我的 */,
			);
			path = ViewController;
			sourceTree = "<group>";
		};
		BCF91DC21D911DB3000CD57D /* 推荐 */ = {
			isa = PBXGroup;
			children = (
				BCF91E641D9126D1000CD57D /* Model */,
				BCF91E631D9126CB000CD57D /* View */,
				BCF91DCB1D911E7E000CD57D /* RecommendViewController.swift */,
				BC2C457F1D92569B004CA0D6 /* FirstViewController.swift */,
				BC2C45811D928385004CA0D6 /* SecondViewController.swift */,
				BC2C45831D92838F004CA0D6 /* ThirdViewController.swift */,
			);
			path = "推荐";
			sourceTree = "<group>";
		};
		BCF91DC31D911DBA000CD57D /* 分类 */ = {
			isa = PBXGroup;
			children = (
				BC2C45CD1D92B4D0004CA0D6 /* View */,
				BC2C45CC1D92B4CA004CA0D6 /* Model */,
				BCF91DCD1D911E9B000CD57D /* ClassifyViewController.swift */,
				BCEDE4BE1D936EA5008C22C5 /* CFirstViewController.swift */,
				BCD595E61D93CABC000E77DF /* CSecondViewController.swift */,
				BCD595E81D941D6C000E77DF /* CThirdViewController.swift */,
				BC2EC3521D954FDF0054C2C4 /* CFourthViewController.swift */,
				BC2EC3541D955FD70054C2C4 /* CFifthViewController.swift */,
			);
			path = "分类";
			sourceTree = "<group>";
		};
		BCF91DC41D911DC2000CD57D /* 发现 */ = {
			isa = PBXGroup;
			children = (
				BC28EE3D1D9567EB004A6388 /* Model */,
				BC28EE3E1D9567EB004A6388 /* View */,
				BCF91DCF1D911EB3000CD57D /* DiscoverViewController.swift */,
				BC2CFEBE1D97603A005FA546 /* DetailsViewController.swift */,
			);
			path = "发现";
			sourceTree = "<group>";
		};
		BCF91DC51D911DC8000CD57D /* 我的 */ = {
			isa = PBXGroup;
			children = (
				BC404E0C1D9921ED0095F2E3 /* MineViewController.swift */,
				BC404E0D1D9921ED0095F2E3 /* MineViewController.xib */,
				BC404E141D993AB30095F2E3 /* LoginsViewController.swift */,
				BC404E221D9942AE0095F2E3 /* DengluViewController.swift */,
				BC404E231D9942AE0095F2E3 /* DengluViewController.xib */,
				BC404E261D9942D40095F2E3 /* ZhuCeViewController.swift */,
				BC404E271D9942D40095F2E3 /* ZhuCeViewController.xib */,
			);
			path = "我的";
			sourceTree = "<group>";
		};
		BCF91DC61D911E0F000CD57D /* Base */ = {
			isa = PBXGroup;
			children = (
				BCF91DC71D911E23000CD57D /* BaseViewController.swift */,
				BCF91DC91D911E43000CD57D /* MyTabBarViewController.swift */,
			);
			path = Base;
			sourceTree = "<group>";
		};
		BCF91DD31D911F2D000CD57D /* Common */ = {
			isa = PBXGroup;
			children = (
				BCF91E611D91268C000CD57D /* MyConnection.swift */,
				BCF91E601D912450000CD57D /* BridgingHeader.h */,
				BCF91E671D91277C000CD57D /* Configration.swift */,
			);
			path = Common;
			sourceTree = "<group>";
		};
		BCF91DD41D911F5D000CD57D /* iconView */ = {
			isa = PBXGroup;
			children = (
				BC404E121D9929F40095F2E3 /* 灰色更多.png */,
				BC404E101D9929AF0095F2E3 /* 更多.png */,
				BC404E0A1D991A330095F2E3 /* 评论头像.png */,
				BC404DF01D98A3200095F2E3 /* 电影.png */,
				BCEBDEDA1D960D9000B0BE7D /* 评论灰色.png */,
				BC28EE3B1D9565CC004A6388 /* 返回.png */,
				BC2EC2DE1D94B2A20054C2C4 /* 白心.png */,
				BC2EC2DC1D94B2540054C2C4 /* 评论.png */,
				BCD595E41D937E8A000E77DF /* 心.png */,
				BCF91E771D915D30000CD57D /* 首页-播放.png */,
				BCF91DE91D912349000CD57D /* 发现B.png */,
				BCF91DEA1D912349000CD57D /* 发现A.png */,
				BCF91DE51D9122E6000CD57D /* 分类B.png */,
				BCF91DE61D9122E6000CD57D /* 分类A.png */,
				BCF91DD91D911F5D000CD57D /* 我的A.png */,
				BCF91DDA1D911F5D000CD57D /* 我的B.png */,
				BCF91DDB1D911F5D000CD57D /* 推荐A.png */,
				BCF91DDC1D911F5D000CD57D /* 推荐B.png */,
			);
			path = iconView;
			sourceTree = "<group>";
		};
		BCF91DED1D9123E5000CD57D /* ThirdLibrary */ = {
			isa = PBXGroup;
			children = (
				BC2C458C1D92AFD8004CA0D6 /* MJRefresh */,
				BC2C45851D928B5A004CA0D6 /* MBProgressHUD */,
				BCF91E2E1D912437000CD57D /* SDWebImage */,
			);
			path = ThirdLibrary;
			sourceTree = "<group>";
		};
		BCF91E2E1D912437000CD57D /* SDWebImage */ = {
			isa = PBXGroup;
			children = (
				BCF91E2F1D912437000CD57D /* MKAnnotationView+WebCache.h */,
				BCF91E301D912437000CD57D /* MKAnnotationView+WebCache.m */,
				BCF91E311D912437000CD57D /* NSData+ImageContentType.h */,
				BCF91E321D912437000CD57D /* NSData+ImageContentType.m */,
				BCF91E331D912437000CD57D /* SDImageCache.h */,
				BCF91E341D912437000CD57D /* SDImageCache.m */,
				BCF91E351D912437000CD57D /* SDWebImageCompat.h */,
				BCF91E361D912437000CD57D /* SDWebImageCompat.m */,
				BCF91E371D912437000CD57D /* SDWebImageDecoder.h */,
				BCF91E381D912437000CD57D /* SDWebImageDecoder.m */,
				BCF91E391D912437000CD57D /* SDWebImageDownloader.h */,
				BCF91E3A1D912437000CD57D /* SDWebImageDownloader.m */,
				BCF91E3B1D912437000CD57D /* SDWebImageDownloaderOperation.h */,
				BCF91E3C1D912437000CD57D /* SDWebImageDownloaderOperation.m */,
				BCF91E3D1D912437000CD57D /* SDWebImageManager.h */,
				BCF91E3E1D912437000CD57D /* SDWebImageManager.m */,
				BCF91E3F1D912437000CD57D /* SDWebImageOperation.h */,
				BCF91E401D912437000CD57D /* SDWebImagePrefetcher.h */,
				BCF91E411D912437000CD57D /* SDWebImagePrefetcher.m */,
				BCF91E421D912437000CD57D /* UIButton+WebCache.h */,
				BCF91E431D912437000CD57D /* UIButton+WebCache.m */,
				BCF91E441D912437000CD57D /* UIImage+GIF.h */,
				BCF91E451D912437000CD57D /* UIImage+GIF.m */,
				BCF91E461D912437000CD57D /* UIImage+MultiFormat.h */,
				BCF91E471D912437000CD57D /* UIImage+MultiFormat.m */,
				BCF91E481D912437000CD57D /* UIImage+WebP.h */,
				BCF91E491D912437000CD57D /* UIImage+WebP.m */,
				BCF91E4A1D912437000CD57D /* UIImageView+HighlightedWebCache.h */,
				BCF91E4B1D912437000CD57D /* UIImageView+HighlightedWebCache.m */,
				BCF91E4C1D912437000CD57D /* UIImageView+WebCache.h */,
				BCF91E4D1D912437000CD57D /* UIImageView+WebCache.m */,
				BCF91E4E1D912437000CD57D /* UIView+WebCacheOperation.h */,
				BCF91E4F1D912437000CD57D /* UIView+WebCacheOperation.m */,
			);
			path = SDWebImage;
			sourceTree = "<group>";
		};
		BCF91E631D9126CB000CD57D /* View */ = {
			isa = PBXGroup;
			children = (
				BCF91E651D91270B000CD57D /* BannerView.swift */,
				BCF91E691D91287B000CD57D /* bigView.swift */,
				BCF91E6F1D9150B8000CD57D /* RecommendCell.swift */,
				BCF91E701D9150B8000CD57D /* RecommendCell.xib */,
				BCF91E731D915B27000CD57D /* SRecommendCell.swift */,
				BCF91E741D915B27000CD57D /* SRecommendCell.xib */,
				BCF91E791D915F5E000CD57D /* TRecommendCell.swift */,
				BCF91E7A1D915F5E000CD57D /* TRecommendCell.xib */,
			);
			path = View;
			sourceTree = "<group>";
		};
		BCF91E641D9126D1000CD57D /* Model */ = {
			isa = PBXGroup;
			children = (
				BCF91E6D1D913FC9000CD57D /* RecommendModel.swift */,
			);
			path = Model;
			sourceTree = "<group>";
		};
/* End PBXGroup section */

/* Begin PBXNativeTarget section */
		BCF91DAA1D911C5D000CD57D /* BaSaiMovie */ = {
			isa = PBXNativeTarget;
			buildConfigurationList = BCF91DBD1D911C5D000CD57D /* Build configuration list for PBXNativeTarget "BaSaiMovie" */;
			buildPhases = (
				BCF91DA71D911C5D000CD57D /* Sources */,
				BCF91DA81D911C5D000CD57D /* Frameworks */,
				BCF91DA91D911C5D000CD57D /* Resources */,
			);
			buildRules = (
			);
			dependencies = (
			);
			name = BaSaiMovie;
			productName = BaSaiMovie;
			productReference = BCF91DAB1D911C5D000CD57D /* BaSaiMovie.app */;
			productType = "com.apple.product-type.application";
		};
/* End PBXNativeTarget section */

/* Begin PBXProject section */
		BCF91DA31D911C5D000CD57D /* Project object */ = {
			isa = PBXProject;
			attributes = {
				LastSwiftUpdateCheck = 0730;
				LastUpgradeCheck = 0730;
				ORGANIZATIONNAME = SOLO;
				TargetAttributes = {
					BCF91DAA1D911C5D000CD57D = {
						CreatedOnToolsVersion = 7.3.1;
						DevelopmentTeam = 5T6KJSG9G8;
					};
				};
			};
			buildConfigurationList = BCF91DA61D911C5D000CD57D /* Build configuration list for PBXProject "BaSaiMovie" */;
			compatibilityVersion = "Xcode 3.2";
			developmentRegion = English;
			hasScannedForEncodings = 0;
			knownRegions = (
				en,
				Base,
			);
			mainGroup = BCF91DA21D911C5D000CD57D;
			productRefGroup = BCF91DAC1D911C5D000CD57D /* Products */;
			projectDirPath = "";
			projectRoot = "";
			targets = (
				BCF91DAA1D911C5D000CD57D /* BaSaiMovie */,
			);
		};
/* End PBXProject section */

/* Begin PBXResourcesBuildPhase section */
		BCF91DA91D911C5D000CD57D /* Resources */ = {
			isa = PBXResourcesBuildPhase;
			buildActionMask = 2147483647;
			files = (
				BC404E011D98DBCC0095F2E3 /* movieIntroduceCell.xib in Resources */,
				BCF91E761D915B27000CD57D /* SRecommendCell.xib in Resources */,
				BCF91E7C1D915F5E000CD57D /* TRecommendCell.xib in Resources */,
				BC404DFD1D98C7380095F2E3 /* stillCell.xib in Resources */,
				BCD595E31D9375EC000E77DF /* firstCell.xib in Resources */,
				BC404E0F1D9921ED0095F2E3 /* MineViewController.xib in Resources */,
				BCF91DE41D911F5D000CD57D /* 推荐B.png in Resources */,
				BCF91DE11D911F5D000CD57D /* 我的A.png in Resources */,
				BCF91E721D9150B8000CD57D /* RecommendCell.xib in Resources */,
				BCF91DE31D911F5D000CD57D /* 推荐A.png in Resources */,
				BC404E291D9942D40095F2E3 /* ZhuCeViewController.xib in Resources */,
				BC404E111D9929AF0095F2E3 /* 更多.png in Resources */,
				BC404E251D9942AE0095F2E3 /* DengluViewController.xib in Resources */,
				BCF91DEC1D912349000CD57D /* 发现A.png in Resources */,
				BCF91DE81D9122E6000CD57D /* 分类A.png in Resources */,
				BCF91DE71D9122E6000CD57D /* 分类B.png in Resources */,
				BCF91DB91D911C5D000CD57D /* LaunchScreen.storyboard in Resources */,
				BC2EC2DD1D94B2540054C2C4 /* 评论.png in Resources */,
				BCD595E51D937E8A000E77DF /* 心.png in Resources */,
				BCF91DE21D911F5D000CD57D /* 我的B.png in Resources */,
				BC404DF91D98C6B70095F2E3 /* noticeCell.xib in Resources */,
				BCF91DEB1D912349000CD57D /* 发现B.png in Resources */,
				BCEBDEDB1D960D9000B0BE7D /* 评论灰色.png in Resources */,
				BC404E091D990E350095F2E3 /* commentCell.xib in Resources */,
				BC2EC2DF1D94B2A20054C2C4 /* 白心.png in Resources */,
				BC2C45D71D92C6D2004CA0D6 /* buttomCell.xib in Resources */,
				BC2EC2DB1D94AD740054C2C4 /* secondCell.xib in Resources */,
				BC404DF51D98C5600095F2E3 /* actorCell.xib in Resources */,
				BCF91DB61D911C5D000CD57D /* Assets.xcassets in Resources */,
				BCEBDED91D96043800B0BE7D /* newestCell.xib in Resources */,
				BC28EE3C1D9565CC004A6388 /* 返回.png in Resources */,
				BCF91DB41D911C5D000CD57D /* Main.storyboard in Resources */,
				BC2C45C71D92AFD8004CA0D6 /* MJRefresh.bundle in Resources */,
				BC404DF11D98A3200095F2E3 /* 电影.png in Resources */,
				BC404E0B1D991A330095F2E3 /* 评论头像.png in Resources */,
				BC2C45D11D92B4F8004CA0D6 /* headCell.xib in Resources */,
				BCF91E781D915D30000CD57D /* 首页-播放.png in Resources */,
				BC404E131D9929F40095F2E3 /* 灰色更多.png in Resources */,
			);
			runOnlyForDeploymentPostprocessing = 0;
		};
/* End PBXResourcesBuildPhase section */

/* Begin PBXSourcesBuildPhase section */
		BCF91DA71D911C5D000CD57D /* Sources */ = {
			isa = PBXSourcesBuildPhase;
			buildActionMask = 2147483647;
			files = (
				BC2C45C81D92AFD8004CA0D6 /* MJRefreshConst.m in Sources */,
				BCF91E561D912437000CD57D /* SDWebImageDownloaderOperation.m in Sources */,
				BCD595E21D9375EC000E77DF /* firstCell.swift in Sources */,
				BCF91E5C1D912437000CD57D /* UIImage+WebP.m in Sources */,
				BC404E151D993AB30095F2E3 /* LoginsViewController.swift in Sources */,
				BC2C45D01D92B4F8004CA0D6 /* headCell.swift in Sources */,
				BCF91E581D912437000CD57D /* SDWebImagePrefetcher.m in Sources */,
				BC2EC3551D955FD70054C2C4 /* CFifthViewController.swift in Sources */,
				BCF91DCA1D911E43000CD57D /* MyTabBarViewController.swift in Sources */,
				BCF91E521D912437000CD57D /* SDImageCache.m in Sources */,
				BC2C45C21D92AFD8004CA0D6 /* MJRefreshBackNormalFooter.m in Sources */,
				BC404DF41D98C5600095F2E3 /* actorCell.swift in Sources */,
				BC2C45C51D92AFD8004CA0D6 /* MJRefreshNormalHeader.m in Sources */,
				BCF91E571D912437000CD57D /* SDWebImageManager.m in Sources */,
				BC2C458A1D928B5A004CA0D6 /* HDManager.m in Sources */,
				BCF91E661D91270B000CD57D /* BannerView.swift in Sources */,
				BC2C45B91D92AFD8004CA0D6 /* MJRefreshAutoFooter.m in Sources */,
				BC2C45801D92569B004CA0D6 /* FirstViewController.swift in Sources */,
				BCF91DB11D911C5D000CD57D /* ViewController.swift in Sources */,
				BCF91E5F1D912437000CD57D /* UIView+WebCacheOperation.m in Sources */,
				BC2CFEC31D977563005FA546 /* DetailsModel.swift in Sources */,
				BC404E001D98DBCC0095F2E3 /* movieIntroduceCell.swift in Sources */,
				BCF91DD01D911EB3000CD57D /* DiscoverViewController.swift in Sources */,
				BCF91E531D912437000CD57D /* SDWebImageCompat.m in Sources */,
				BCF91E541D912437000CD57D /* SDWebImageDecoder.m in Sources */,
				BC2C45C41D92AFD8004CA0D6 /* MJRefreshGifHeader.m in Sources */,
				BCF91E6E1D913FC9000CD57D /* RecommendModel.swift in Sources */,
				BCD595E71D93CABC000E77DF /* CSecondViewController.swift in Sources */,
				BC2C45C01D92AFD8004CA0D6 /* MJRefreshAutoStateFooter.m in Sources */,
				BCF91E751D915B27000CD57D /* SRecommendCell.swift in Sources */,
				BCF91E7B1D915F5E000CD57D /* TRecommendCell.swift in Sources */,
				BCF91DCE1D911E9B000CD57D /* ClassifyViewController.swift in Sources */,
				BC2C45BC1D92AFD8004CA0D6 /* MJRefreshFooter.m in Sources */,
				BCF91E5D1D912437000CD57D /* UIImageView+HighlightedWebCache.m in Sources */,
				BCF91E6A1D91287B000CD57D /* bigView.swift in Sources */,
				BCF91E5B1D912437000CD57D /* UIImage+MultiFormat.m in Sources */,
				BC2C45BE1D92AFD8004CA0D6 /* MJRefreshAutoGifFooter.m in Sources */,
				BC2C45821D928385004CA0D6 /* SecondViewController.swift in Sources */,
				BC404DF81D98C6B70095F2E3 /* noticeCell.swift in Sources */,
				BC2C45CB1D92AFD8004CA0D6 /* UIView+MJExtension.m in Sources */,
				BCF91E681D91277C000CD57D /* Configration.swift in Sources */,
				BC2C45D61D92C6D2004CA0D6 /* buttomCell.swift in Sources */,
				BC2C45CA1D92AFD8004CA0D6 /* UIScrollView+MJRefresh.m in Sources */,
				BCEBDEDD1D960FBC00B0BE7D /* DiscoverModel.swift in Sources */,
				BC404E281D9942D40095F2E3 /* ZhuCeViewController.swift in Sources */,
				BCF91DAF1D911C5D000CD57D /* AppDelegate.swift in Sources */,
				BCF91E501D912437000CD57D /* MKAnnotationView+WebCache.m in Sources */,
				BCD595E91D941D6C000E77DF /* CThirdViewController.swift in Sources */,
				BC2CFEBF1D97603A005FA546 /* DetailsViewController.swift in Sources */,
				BC2C45BA1D92AFD8004CA0D6 /* MJRefreshBackFooter.m in Sources */,
				BC2C458B1D928B5A004CA0D6 /* MBProgressHUD.m in Sources */,
				BC2C45841D92838F004CA0D6 /* ThirdViewController.swift in Sources */,
				BC2C45BD1D92AFD8004CA0D6 /* MJRefreshHeader.m in Sources */,
				BC2C45BF1D92AFD8004CA0D6 /* MJRefreshAutoNormalFooter.m in Sources */,
				BC404E241D9942AE0095F2E3 /* DengluViewController.swift in Sources */,
				BCF91E621D91268C000CD57D /* MyConnection.swift in Sources */,
				BCF91E511D912437000CD57D /* NSData+ImageContentType.m in Sources */,
				BC2EC3531D954FDF0054C2C4 /* CFourthViewController.swift in Sources */,
				BC2C45BB1D92AFD8004CA0D6 /* MJRefreshComponent.m in Sources */,
				BCF91E591D912437000CD57D /* UIButton+WebCache.m in Sources */,
				BC2C45C11D92AFD8004CA0D6 /* MJRefreshBackGifFooter.m in Sources */,
				BC2C45D31D92B6B1004CA0D6 /* ClassifyModel.swift in Sources */,
				BC404E0E1D9921ED0095F2E3 /* MineViewController.swift in Sources */,
				BC404E081D990E350095F2E3 /* commentCell.swift in Sources */,
				BCEDE4BF1D936EA5008C22C5 /* CFirstViewController.swift in Sources */,
				BC2C45C91D92AFD8004CA0D6 /* UIScrollView+MJExtension.m in Sources */,
				BCF91E5E1D912437000CD57D /* UIImageView+WebCache.m in Sources */,
				BCF91E5A1D912437000CD57D /* UIImage+GIF.m in Sources */,
				BC404DFC1D98C7380095F2E3 /* stillCell.swift in Sources */,
				BCF91E551D912437000CD57D /* SDWebImageDownloader.m in Sources */,
				BC2CFEC11D976DED005FA546 /* MovieView.swift in Sources */,
				BC2C45C31D92AFD8004CA0D6 /* MJRefreshBackStateFooter.m in Sources */,
				BCF91E711D9150B8000CD57D /* RecommendCell.swift in Sources */,
				BCF91DC81D911E23000CD57D /* BaseViewController.swift in Sources */,
				BC2C45C61D92AFD8004CA0D6 /* MJRefreshStateHeader.m in Sources */,
				BCF91DCC1D911E7E000CD57D /* RecommendViewController.swift in Sources */,
				BC2EC2DA1D94AD740054C2C4 /* secondCell.swift in Sources */,
				BCEBDED81D96043800B0BE7D /* newestCell.swift in Sources */,
			);
			runOnlyForDeploymentPostprocessing = 0;
		};
/* End PBXSourcesBuildPhase section */

/* Begin PBXVariantGroup section */
		BCF91DB21D911C5D000CD57D /* Main.storyboard */ = {
			isa = PBXVariantGroup;
			children = (
				BCF91DB31D911C5D000CD57D /* Base */,
			);
			name = Main.storyboard;
			sourceTree = "<group>";
		};
		BCF91DB71D911C5D000CD57D /* LaunchScreen.storyboard */ = {
			isa = PBXVariantGroup;
			children = (
				BCF91DB81D911C5D000CD57D /* Base */,
			);
			name = LaunchScreen.storyboard;
			sourceTree = "<group>";
		};
/* End PBXVariantGroup section */

/* Begin XCBuildConfiguration section */
		BCF91DBB1D911C5D000CD57D /* Debug */ = {
			isa = XCBuildConfiguration;
			buildSettings = {
				ALWAYS_SEARCH_USER_PATHS = NO;
				CLANG_ANALYZER_NONNULL = YES;
				CLANG_CXX_LANGUAGE_STANDARD = "gnu++0x";
				CLANG_CXX_LIBRARY = "libc++";
				CLANG_ENABLE_MODULES = YES;
				CLANG_ENABLE_OBJC_ARC = YES;
				CLANG_WARN_BOOL_CONVERSION = YES;
				CLANG_WARN_CONSTANT_CONVERSION = YES;
				CLANG_WARN_DIRECT_OBJC_ISA_USAGE = YES_ERROR;
				CLANG_WARN_EMPTY_BODY = YES;
				CLANG_WARN_ENUM_CONVERSION = YES;
				CLANG_WARN_INT_CONVERSION = YES;
				CLANG_WARN_OBJC_ROOT_CLASS = YES_ERROR;
				CLANG_WARN_UNREACHABLE_CODE = YES;
				CLANG_WARN__DUPLICATE_METHOD_MATCH = YES;
				"CODE_SIGN_IDENTITY[sdk=iphoneos*]" = "iPhone Developer";
				COPY_PHASE_STRIP = NO;
				DEBUG_INFORMATION_FORMAT = dwarf;
				ENABLE_STRICT_OBJC_MSGSEND = YES;
				ENABLE_TESTABILITY = YES;
				GCC_C_LANGUAGE_STANDARD = gnu99;
				GCC_DYNAMIC_NO_PIC = NO;
				GCC_NO_COMMON_BLOCKS = YES;
				GCC_OPTIMIZATION_LEVEL = 0;
				GCC_PREPROCESSOR_DEFINITIONS = (
					"DEBUG=1",
					"$(inherited)",
				);
				GCC_WARN_64_TO_32_BIT_CONVERSION = YES;
				GCC_WARN_ABOUT_RETURN_TYPE = YES_ERROR;
				GCC_WARN_UNDECLARED_SELECTOR = YES;
				GCC_WARN_UNINITIALIZED_AUTOS = YES_AGGRESSIVE;
				GCC_WARN_UNUSED_FUNCTION = YES;
				GCC_WARN_UNUSED_VARIABLE = YES;
				IPHONEOS_DEPLOYMENT_TARGET = 9.3;
				MTL_ENABLE_DEBUG_INFO = YES;
				ONLY_ACTIVE_ARCH = YES;
				SDKROOT = iphoneos;
				SWIFT_OPTIMIZATION_LEVEL = "-Onone";
			};
			name = Debug;
		};
		BCF91DBC1D911C5D000CD57D /* Release */ = {
			isa = XCBuildConfiguration;
			buildSettings = {
				ALWAYS_SEARCH_USER_PATHS = NO;
				CLANG_ANALYZER_NONNULL = YES;
				CLANG_CXX_LANGUAGE_STANDARD = "gnu++0x";
				CLANG_CXX_LIBRARY = "libc++";
				CLANG_ENABLE_MODULES = YES;
				CLANG_ENABLE_OBJC_ARC = YES;
				CLANG_WARN_BOOL_CONVERSION = YES;
				CLANG_WARN_CONSTANT_CONVERSION = YES;
				CLANG_WARN_DIRECT_OBJC_ISA_USAGE = YES_ERROR;
				CLANG_WARN_EMPTY_BODY = YES;
				CLANG_WARN_ENUM_CONVERSION = YES;
				CLANG_WARN_INT_CONVERSION = YES;
				CLANG_WARN_OBJC_ROOT_CLASS = YES_ERROR;
				CLANG_WARN_UNREACHABLE_CODE = YES;
				CLANG_WARN__DUPLICATE_METHOD_MATCH = YES;
				"CODE_SIGN_IDENTITY[sdk=iphoneos*]" = "iPhone Developer";
				COPY_PHASE_STRIP = NO;
				DEBUG_INFORMATION_FORMAT = "dwarf-with-dsym";
				ENABLE_NS_ASSERTIONS = NO;
				ENABLE_STRICT_OBJC_MSGSEND = YES;
				GCC_C_LANGUAGE_STANDARD = gnu99;
				GCC_NO_COMMON_BLOCKS = YES;
				GCC_WARN_64_TO_32_BIT_CONVERSION = YES;
				GCC_WARN_ABOUT_RETURN_TYPE = YES_ERROR;
				GCC_WARN_UNDECLARED_SELECTOR = YES;
				GCC_WARN_UNINITIALIZED_AUTOS = YES_AGGRESSIVE;
				GCC_WARN_UNUSED_FUNCTION = YES;
				GCC_WARN_UNUSED_VARIABLE = YES;
				IPHONEOS_DEPLOYMENT_TARGET = 9.3;
				MTL_ENABLE_DEBUG_INFO = NO;
				SDKROOT = iphoneos;
				VALIDATE_PRODUCT = YES;
			};
			name = Release;
		};
		BCF91DBE1D911C5D000CD57D /* Debug */ = {
			isa = XCBuildConfiguration;
			buildSettings = {
				ASSETCATALOG_COMPILER_APPICON_NAME = AppIcon;
				CODE_SIGN_IDENTITY = "iPhone Developer";
				INFOPLIST_FILE = BaSaiMovie/Info.plist;
				LD_RUNPATH_SEARCH_PATHS = "$(inherited) @executable_path/Frameworks";
				PRODUCT_BUNDLE_IDENTIFIER = d.BaSaiMovie;
				PRODUCT_NAME = "$(TARGET_NAME)";
				SWIFT_OBJC_BRIDGING_HEADER = "${SRCROOT}/Common/BridgingHeader.h";
			};
			name = Debug;
		};
		BCF91DBF1D911C5D000CD57D /* Release */ = {
			isa = XCBuildConfiguration;
			buildSettings = {
				ASSETCATALOG_COMPILER_APPICON_NAME = AppIcon;
				CODE_SIGN_IDENTITY = "iPhone Developer";
				INFOPLIST_FILE = BaSaiMovie/Info.plist;
				LD_RUNPATH_SEARCH_PATHS = "$(inherited) @executable_path/Frameworks";
				PRODUCT_BUNDLE_IDENTIFIER = d.BaSaiMovie;
				PRODUCT_NAME = "$(TARGET_NAME)";
				SWIFT_OBJC_BRIDGING_HEADER = "${SRCROOT}/Common/BridgingHeader.h";
			};
			name = Release;
		};
/* End XCBuildConfiguration section */

/* Begin XCConfigurationList section */
		BCF91DA61D911C5D000CD57D /* Build configuration list for PBXProject "BaSaiMovie" */ = {
			isa = XCConfigurationList;
			buildConfigurations = (
				BCF91DBB1D911C5D000CD57D /* Debug */,
				BCF91DBC1D911C5D000CD57D /* Release */,
			);
			defaultConfigurationIsVisible = 0;
			defaultConfigurationName = Release;
		};
		BCF91DBD1D911C5D000CD57D /* Build configuration list for PBXNativeTarget "BaSaiMovie" */ = {
			isa = XCConfigurationList;
			buildConfigurations = (
				BCF91DBE1D911C5D000CD57D /* Debug */,
				BCF91DBF1D911C5D000CD57D /* Release */,
			);
			defaultConfigurationIsVisible = 0;
			defaultConfigurationName = Release;
		};
/* End XCConfigurationList section */
	};
	rootObject = BCF91DA31D911C5D000CD57D /* Project object */;
}
